// !$*UTF8*$!
{
	archiveVersion = 1;
	classes = {
	};
	objectVersion = 46;
	objects = {

/* Begin PBXBuildFile section */
		230BD85C1BC37544001393D8 /* AppDelegate.swift in Sources */ = {isa = PBXBuildFile; fileRef = 230BD85B1BC37544001393D8 /* AppDelegate.swift */; };
		230BD85E1BC37544001393D8 /* ViewController.swift in Sources */ = {isa = PBXBuildFile; fileRef = 230BD85D1BC37544001393D8 /* ViewController.swift */; };
		230BD8611BC37544001393D8 /* Main.storyboard in Resources */ = {isa = PBXBuildFile; fileRef = 230BD85F1BC37544001393D8 /* Main.storyboard */; };
		230BD8631BC37544001393D8 /* Assets.xcassets in Resources */ = {isa = PBXBuildFile; fileRef = 230BD8621BC37544001393D8 /* Assets.xcassets */; };
		230BD8661BC37544001393D8 /* LaunchScreen.storyboard in Resources */ = {isa = PBXBuildFile; fileRef = 230BD8641BC37544001393D8 /* LaunchScreen.storyboard */; };
/* End PBXBuildFile section */

/* Begin PBXFileReference section */
		230BD8581BC37544001393D8 /* CrashApp.app */ = {isa = PBXFileReference; explicitFileType = wrapper.application; includeInIndex = 0; path = CrashApp.app; sourceTree = BUILT_PRODUCTS_DIR; };
		230BD85B1BC37544001393D8 /* AppDelegate.swift */ = {isa = PBXFileReference; lastKnownFileType = sourcecode.swift; path = AppDelegate.swift; sourceTree = "<group>"; };
		230BD85D1BC37544001393D8 /* ViewController.swift */ = {isa = PBXFileReference; lastKnownFileType = sourcecode.swift; path = ViewController.swift; sourceTree = "<group>"; };
		230BD8601BC37544001393D8 /* Base */ = {isa = PBXFileReference; lastKnownFileType = file.storyboard; name = Base; path = Base.lproj/Main.storyboard; sourceTree = "<group>"; };
		230BD8621BC37544001393D8 /* Assets.xcassets */ = {isa = PBXFileReference; lastKnownFileType = folder.assetcatalog; path = Assets.xcassets; sourceTree = "<group>"; };
		230BD8651BC37544001393D8 /* Base */ = {isa = PBXFileReference; lastKnownFileType = file.storyboard; name = Base; path = Base.lproj/LaunchScreen.storyboard; sourceTree = "<group>"; };
		230BD8671BC37544001393D8 /* Info.plist */ = {isa = PBXFileReference; lastKnownFileType = text.plist.xml; path = Info.plist; sourceTree = "<group>"; };
/* End PBXFileReference section */

/* Begin PBXFrameworksBuildPhase section */
		230BD8551BC37544001393D8 /* Frameworks */ = {
			isa = PBXFrameworksBuildPhase;
			buildActionMask = 2147483647;
			files = (
			);
			runOnlyForDeploymentPostprocessing = 0;
		};
/* End PBXFrameworksBuildPhase section */

/* Begin PBXGroup section */
		230BD84F1BC37544001393D8 = {
			isa = PBXGroup;
			children = (
				230BD85A1BC37544001393D8 /* CrashApp */,
				230BD8591BC37544001393D8 /* Products */,
			);
			sourceTree = "<group>";
		};
		230BD8591BC37544001393D8 /* Products */ = {
			isa = PBXGroup;
			children = (
				230BD8581BC37544001393D8 /* CrashApp.app */,
			);
			name = Products;
			sourceTree = "<group>";
		};
		230BD85A1BC37544001393D8 /* CrashApp */ = {
			isa = PBXGroup;
			children = (
				230BD85B1BC37544001393D8 /* AppDelegate.swift */,
				230BD85D1BC37544001393D8 /* ViewController.swift */,
				230BD85F1BC37544001393D8 /* Main.storyboard */,
				230BD8621BC37544001393D8 /* Assets.xcassets */,
				230BD8641BC37544001393D8 /* LaunchScreen.storyboard */,
				230BD8671BC37544001393D8 /* Info.plist */,
			);
			path = CrashApp;
			sourceTree = "<group>";
		};
/* End PBXGroup section */

/* Begin PBXNativeTarget section */
		230BD8571BC37544001393D8 /* CrashApp */ = {
			isa = PBXNativeTarget;
			buildConfigurationList = 230BD86A1BC37544001393D8 /* Build configuration list for PBXNativeTarget "CrashApp" */;
			buildPhases = (
				230BD8541BC37544001393D8 /* Sources */,
				230BD8551BC37544001393D8 /* Frameworks */,
				230BD8561BC37544001393D8 /* Resources */,
			);
			buildRules = (
			);
			dependencies = (
			);
			name = CrashApp;
			productName = CrashApp;
			productReference = 230BD8581BC37544001393D8 /* CrashApp.app */;
			productType = "com.apple.product-type.application";
		};
/* End PBXNativeTarget section */

/* Begin PBXProject section */
		230BD8501BC37544001393D8 /* Project object */ = {
			isa = PBXProject;
			attributes = {
				LastUpgradeCheck = 0700;
				ORGANIZATIONNAME = cyj;
				TargetAttributes = {
					230BD8571BC37544001393D8 = {
						CreatedOnToolsVersion = 7.0.1;
					};
				};
			};
			buildConfigurationList = 230BD8531BC37544001393D8 /* Build configuration list for PBXProject "CrashApp" */;
			compatibilityVersion = "Xcode 3.2";
			developmentRegion = English;
			hasScannedForEncodings = 0;
			knownRegions = (
				en,
				Base,
			);
			mainGroup = 230BD84F1BC37544001393D8;
			productRefGroup = 230BD8591BC37544001393D8 /* Products */;
			projectDirPath = "";
			projectRoot = "";
			targets = (
				230BD8571BC37544001393D8 /* CrashApp */,
			);
		};
/* End PBXProject section */

/* Begin PBXResourcesBuildPhase section */
		230BD8561BC37544001393D8 /* Resources */ = {
			isa = PBXResourcesBuildPhase;
			buildActionMask = 2147483647;
			files = (
				230BD8661BC37544001393D8 /* LaunchScreen.storyboard in Resources */,
				230BD8631BC37544001393D8 /* Assets.xcassets in Resources */,
				230BD8611BC37544001393D8 /* Main.storyboard in Resources */,
			);
			runOnlyForDeploymentPostprocessing = 0;
		};
/* End PBXResourcesBuildPhase section */

/* Begin PBXSourcesBuildPhase section */
		230BD8541BC37544001393D8 /* Sources */ = {
			isa = PBXSourcesBuildPhase;
			buildActionMask = 2147483647;
			files = (
				230BD85E1BC37544001393D8 /* ViewController.swift in Sources */,
				230BD85C1BC37544001393D8 /* AppDelegate.swift in Sources */,
			);
			runOnlyForDeploymentPostprocessing = 0;
		};
/* End PBXSourcesBuildPhase section */

/* Begin PBXVariantGroup section */
		230BD85F1BC37544001393D8 /* Main.storyboard */ = {
			isa = PBXVariantGroup;
			children = (
				230BD8601BC37544001393D8 /* Base */,
			);
			name = Main.storyboard;
			sourceTree = "<group>";
		};
		230BD8641BC37544001393D8 /* LaunchScreen.storyboard */ = {
			isa = PBXVariantGroup;
			children = (
				230BD8651BC37544001393D8 /* Base */,
			);
			name = LaunchScreen.storyboard;
			sourceTree = "<group>";
		};
/* End PBXVariantGroup section */

/* Begin XCBuildConfiguration section */
		230BD8681BC37544001393D8 /* Debug */ = {
			isa = XCBuildConfiguration;
			buildSettings = {
				ALWAYS_SEARCH_USER_PATHS = NO;
				CLANG_CXX_LANGUAGE_STANDARD = "gnu++0x";
				CLANG_CXX_LIBRARY = "libc++";
				CLANG_ENABLE_MODULES = YES;
				CLANG_ENABLE_OBJC_ARC = YES;
				CLANG_WARN_BOOL_CONVERSION = YES;
				CLANG_WARN_CONSTANT_CONVERSION = YES;
				CLANG_WARN_DIRECT_OBJC_ISA_USAGE = YES_ERROR;
				CLANG_WARN_EMPTY_BODY = YES;
				CLANG_WARN_ENUM_CONVERSION = YES;
				CLANG_WARN_INT_CONVERSION = YES;
				CLANG_WARN_OBJC_ROOT_CLASS = YES_ERROR;
				CLANG_WARN_UNREACHABLE_CODE = YES;
				CLANG_WARN__DUPLICATE_METHOD_MATCH = YES;
				"CODE_SIGN_IDENTITY[sdk=iphoneos*]" = "iPhone Developer";
				COPY_PHASE_STRIP = NO;
				DEBUG_INFORMATION_FORMAT = dwarf;
				ENABLE_STRICT_OBJC_MSGSEND = YES;
				ENABLE_TESTABILITY = YES;
				GCC_C_LANGUAGE_STANDARD = gnu99;
				GCC_DYNAMIC_NO_PIC = NO;
				GCC_NO_COMMON_BLOCKS = YES;
				GCC_OPTIMIZATION_LEVEL = 0;
				GCC_PREPROCESSOR_DEFINITIONS = (
					"DEBUG=1",
					"$(inherited)",
				);
				GCC_WARN_64_TO_32_BIT_CONVERSION = YES;
				GCC_WARN_ABOUT_RETURN_TYPE = YES_ERROR;
				GCC_WARN_UNDECLARED_SELECTOR = YES;
				GCC_WARN_UNINITIALIZED_AUTOS = YES_AGGRESSIVE;
				GCC_WARN_UNUSED_FUNCTION = YES;
				GCC_WARN_UNUSED_VARIABLE = YES;
				IPHONEOS_DEPLOYMENT_TARGET = 9.0;
				MTL_ENABLE_DEBUG_INFO = YES;
				ONLY_ACTIVE_ARCH = YES;
				SDKROOT = iphoneos;
				SWIFT_OPTIMIZATION_LEVEL = "-Onone";
				TARGETED_DEVICE_FAMILY = "1,2";
			};
			name = Debug;
		};
		230BD8691BC37544001393D8 /* Release */ = {
			isa = XCBuildConfiguration;
			buildSettings = {
				ALWAYS_SEARCH_USER_PATHS = NO;
				CLANG_CXX_LANGUAGE_STANDARD = "gnu++0x";
				CLANG_CXX_LIBRARY = "libc++";
				CLANG_ENABLE_MODULES = YES;
				CLANG_ENABLE_OBJC_ARC = YES;
				CLANG_WARN_BOOL_CONVERSION = YES;
				CLANG_WARN_CONSTANT_CONVERSION = YES;
				CLANG_WARN_DIRECT_OBJC_ISA_USAGE = YES_ERROR;
				CLANG_WARN_EMPTY_BODY = YES;
				CLANG_WARN_ENUM_CONVERSION = YES;
				CLANG_WARN_INT_CONVERSION = YES;
				CLANG_WARN_OBJC_ROOT_CLASS = YES_ERROR;
				CLANG_WARN_UNREACHABLE_CODE = YES;
				CLANG_WARN__DUPLICATE_METHOD_MATCH = YES;
				"CODE_SIGN_IDENTITY[sdk=iphoneos*]" = "iPhone Developer";
				COPY_PHASE_STRIP = NO;
				DEBUG_INFORMATION_FORMAT = "dwarf-with-dsym";
				ENABLE_NS_ASSERTIONS = NO;
				ENABLE_STRICT_OBJC_MSGSEND = YES;
				GCC_C_LANGUAGE_STANDARD = gnu99;
				GCC_NO_COMMON_BLOCKS = YES;
				GCC_WARN_64_TO_32_BIT_CONVERSION = YES;
				GCC_WARN_ABOUT_RETURN_TYPE = YES_ERROR;
				GCC_WARN_UNDECLARED_SELECTOR = YES;
				GCC_WARN_UNINITIALIZED_AUTOS = YES_AGGRESSIVE;
				GCC_WARN_UNUSED_FUNCTION = YES;
				GCC_WARN_UNUSED_VARIABLE = YES;
				IPHONEOS_DEPLOYMENT_TARGET = 9.0;
				MTL_ENABLE_DEBUG_INFO = NO;
				SDKROOT = iphoneos;
				TARGETED_DEVICE_FAMILY = "1,2";
				VALIDATE_PRODUCT = YES;
			};
			name = Release;
		};
		230BD86B1BC37544001393D8 /* Debug */ = {
			isa = XCBuildConfiguration;
			buildSettings = {
				ASSETCATALOG_COMPILER_APPICON_NAME = AppIcon;
				INFOPLIST_FILE = CrashApp/Info.plist;
				LD_RUNPATH_SEARCH_PATHS = "$(inherited) @executable_path/Frameworks";
				PRODUCT_BUNDLE_IDENTIFIER = com.cyj.CrashApp;
				PRODUCT_NAME = "$(TARGET_NAME)";
			};
			name = Debug;
		};
		230BD86C1BC37544001393D8 /* Release */ = {
			isa = XCBuildConfiguration;
			buildSettings = {
				ASSETCATALOG_COMPILER_APPICON_NAME = AppIcon;
				INFOPLIST_FILE = CrashApp/Info.plist;
				LD_RUNPATH_SEARCH_PATHS = "$(inherited) @executable_path/Frameworks";
				PRODUCT_BUNDLE_IDENTIFIER = com.cyj.CrashApp;
				PRODUCT_NAME = "$(TARGET_NAME)";
			};
			name = Release;
		};
/* End XCBuildConfiguration section */

/* Begin XCConfigurationList section */
		230BD8531BC37544001393D8 /* Build configuration list for PBXProject "CrashApp" */ = {
			isa = XCConfigurationList;
			buildConfigurations = (
				230BD8681BC37544001393D8 /* Debug */,
				230BD8691BC37544001393D8 /* Release */,
			);
			defaultConfigurationIsVisible = 0;
			defaultConfigurationName = Release;
		};
		230BD86A1BC37544001393D8 /* Build configuration list for PBXNativeTarget "CrashApp" */ = {
			isa = XCConfigurationList;
			buildConfigurations = (
				230BD86B1BC37544001393D8 /* Debug */,
				230BD86C1BC37544001393D8 /* Release */,
			);
			defaultConfigurationIsVisible = 0;
		};
/* End XCConfigurationList section */
	};
	rootObject = 230BD8501BC37544001393D8 /* Project object */;
}
