// !$*UTF8*$!
{
	archiveVersion = 1;
	classes = {
	};
	objectVersion = 46;
	objects = {

/* Begin PBXBuildFile section */
		234DE3A71AEFD2890065593E /* main.m in Sources */ = {isa = PBXBuildFile; fileRef = 234DE3A61AEFD2890065593E /* main.m */; };
		234DE3AA1AEFD2890065593E /* AppDelegate.m in Sources */ = {isa = PBXBuildFile; fileRef = 234DE3A91AEFD2890065593E /* AppDelegate.m */; };
		234DE3B01AEFD2890065593E /* Main.storyboard in Resources */ = {isa = PBXBuildFile; fileRef = 234DE3AE1AEFD2890065593E /* Main.storyboard */; };
		234DE3B21AEFD2890065593E /* Images.xcassets in Resources */ = {isa = PBXBuildFile; fileRef = 234DE3B11AEFD2890065593E /* Images.xcassets */; };
		234DE3B51AEFD2890065593E /* LaunchScreen.xib in Resources */ = {isa = PBXBuildFile; fileRef = 234DE3B31AEFD2890065593E /* LaunchScreen.xib */; };
		234DE3C11AEFD2890065593E /* TableViewAddMoreTests.m in Sources */ = {isa = PBXBuildFile; fileRef = 234DE3C01AEFD2890065593E /* TableViewAddMoreTests.m */; };
		234DE3CC1AEFD2BA0065593E /* TableViewController.m in Sources */ = {isa = PBXBuildFile; fileRef = 234DE3CB1AEFD2BA0065593E /* TableViewController.m */; };
/* End PBXBuildFile section */

/* Begin PBXContainerItemProxy section */
		234DE3BB1AEFD2890065593E /* PBXContainerItemProxy */ = {
			isa = PBXContainerItemProxy;
			containerPortal = 234DE3991AEFD2890065593E /* Project object */;
			proxyType = 1;
			remoteGlobalIDString = 234DE3A01AEFD2890065593E;
			remoteInfo = TableViewAddMore;
		};
/* End PBXContainerItemProxy section */

/* Begin PBXFileReference section */
		234DE3A11AEFD2890065593E /* TableViewAddMore.app */ = {isa = PBXFileReference; explicitFileType = wrapper.application; includeInIndex = 0; path = TableViewAddMore.app; sourceTree = BUILT_PRODUCTS_DIR; };
		234DE3A51AEFD2890065593E /* Info.plist */ = {isa = PBXFileReference; lastKnownFileType = text.plist.xml; path = Info.plist; sourceTree = "<group>"; };
		234DE3A61AEFD2890065593E /* main.m */ = {isa = PBXFileReference; lastKnownFileType = sourcecode.c.objc; path = main.m; sourceTree = "<group>"; };
		234DE3A81AEFD2890065593E /* AppDelegate.h */ = {isa = PBXFileReference; lastKnownFileType = sourcecode.c.h; path = AppDelegate.h; sourceTree = "<group>"; };
		234DE3A91AEFD2890065593E /* AppDelegate.m */ = {isa = PBXFileReference; lastKnownFileType = sourcecode.c.objc; path = AppDelegate.m; sourceTree = "<group>"; };
		234DE3AF1AEFD2890065593E /* Base */ = {isa = PBXFileReference; lastKnownFileType = file.storyboard; name = Base; path = Base.lproj/Main.storyboard; sourceTree = "<group>"; };
		234DE3B11AEFD2890065593E /* Images.xcassets */ = {isa = PBXFileReference; lastKnownFileType = folder.assetcatalog; path = Images.xcassets; sourceTree = "<group>"; };
		234DE3B41AEFD2890065593E /* Base */ = {isa = PBXFileReference; lastKnownFileType = file.xib; name = Base; path = Base.lproj/LaunchScreen.xib; sourceTree = "<group>"; };
		234DE3BA1AEFD2890065593E /* TableViewAddMoreTests.xctest */ = {isa = PBXFileReference; explicitFileType = wrapper.cfbundle; includeInIndex = 0; path = TableViewAddMoreTests.xctest; sourceTree = BUILT_PRODUCTS_DIR; };
		234DE3BF1AEFD2890065593E /* Info.plist */ = {isa = PBXFileReference; lastKnownFileType = text.plist.xml; path = Info.plist; sourceTree = "<group>"; };
		234DE3C01AEFD2890065593E /* TableViewAddMoreTests.m */ = {isa = PBXFileReference; lastKnownFileType = sourcecode.c.objc; path = TableViewAddMoreTests.m; sourceTree = "<group>"; };
		234DE3CA1AEFD2BA0065593E /* TableViewController.h */ = {isa = PBXFileReference; fileEncoding = 4; lastKnownFileType = sourcecode.c.h; path = TableViewController.h; sourceTree = "<group>"; };
		234DE3CB1AEFD2BA0065593E /* TableViewController.m */ = {isa = PBXFileReference; fileEncoding = 4; lastKnownFileType = sourcecode.c.objc; path = TableViewController.m; sourceTree = "<group>"; };
/* End PBXFileReference section */

/* Begin PBXFrameworksBuildPhase section */
		234DE39E1AEFD2890065593E /* Frameworks */ = {
			isa = PBXFrameworksBuildPhase;
			buildActionMask = 2147483647;
			files = (
			);
			runOnlyForDeploymentPostprocessing = 0;
		};
		234DE3B71AEFD2890065593E /* Frameworks */ = {
			isa = PBXFrameworksBuildPhase;
			buildActionMask = 2147483647;
			files = (
			);
			runOnlyForDeploymentPostprocessing = 0;
		};
/* End PBXFrameworksBuildPhase section */

/* Begin PBXGroup section */
		234DE3981AEFD2890065593E = {
			isa = PBXGroup;
			children = (
				234DE3A31AEFD2890065593E /* TableViewAddMore */,
				234DE3BD1AEFD2890065593E /* TableViewAddMoreTests */,
				234DE3A21AEFD2890065593E /* Products */,
			);
			sourceTree = "<group>";
		};
		234DE3A21AEFD2890065593E /* Products */ = {
			isa = PBXGroup;
			children = (
				234DE3A11AEFD2890065593E /* TableViewAddMore.app */,
				234DE3BA1AEFD2890065593E /* TableViewAddMoreTests.xctest */,
			);
			name = Products;
			sourceTree = "<group>";
		};
		234DE3A31AEFD2890065593E /* TableViewAddMore */ = {
			isa = PBXGroup;
			children = (
				234DE3A81AEFD2890065593E /* AppDelegate.h */,
				234DE3A91AEFD2890065593E /* AppDelegate.m */,
				234DE3AE1AEFD2890065593E /* Main.storyboard */,
				234DE3B11AEFD2890065593E /* Images.xcassets */,
				234DE3B31AEFD2890065593E /* LaunchScreen.xib */,
				234DE3A41AEFD2890065593E /* Supporting Files */,
				234DE3CA1AEFD2BA0065593E /* TableViewController.h */,
				234DE3CB1AEFD2BA0065593E /* TableViewController.m */,
			);
			path = TableViewAddMore;
			sourceTree = "<group>";
		};
		234DE3A41AEFD2890065593E /* Supporting Files */ = {
			isa = PBXGroup;
			children = (
				234DE3A51AEFD2890065593E /* Info.plist */,
				234DE3A61AEFD2890065593E /* main.m */,
			);
			name = "Supporting Files";
			sourceTree = "<group>";
		};
		234DE3BD1AEFD2890065593E /* TableViewAddMoreTests */ = {
			isa = PBXGroup;
			children = (
				234DE3C01AEFD2890065593E /* TableViewAddMoreTests.m */,
				234DE3BE1AEFD2890065593E /* Supporting Files */,
			);
			path = TableViewAddMoreTests;
			sourceTree = "<group>";
		};
		234DE3BE1AEFD2890065593E /* Supporting Files */ = {
			isa = PBXGroup;
			children = (
				234DE3BF1AEFD2890065593E /* Info.plist */,
			);
			name = "Supporting Files";
			sourceTree = "<group>";
		};
/* End PBXGroup section */

/* Begin PBXNativeTarget section */
		234DE3A01AEFD2890065593E /* TableViewAddMore */ = {
			isa = PBXNativeTarget;
			buildConfigurationList = 234DE3C41AEFD2890065593E /* Build configuration list for PBXNativeTarget "TableViewAddMore" */;
			buildPhases = (
				234DE39D1AEFD2890065593E /* Sources */,
				234DE39E1AEFD2890065593E /* Frameworks */,
				234DE39F1AEFD2890065593E /* Resources */,
			);
			buildRules = (
			);
			dependencies = (
			);
			name = TableViewAddMore;
			productName = TableViewAddMore;
			productReference = 234DE3A11AEFD2890065593E /* TableViewAddMore.app */;
			productType = "com.apple.product-type.application";
		};
		234DE3B91AEFD2890065593E /* TableViewAddMoreTests */ = {
			isa = PBXNativeTarget;
			buildConfigurationList = 234DE3C71AEFD2890065593E /* Build configuration list for PBXNativeTarget "TableViewAddMoreTests" */;
			buildPhases = (
				234DE3B61AEFD2890065593E /* Sources */,
				234DE3B71AEFD2890065593E /* Frameworks */,
				234DE3B81AEFD2890065593E /* Resources */,
			);
			buildRules = (
			);
			dependencies = (
				234DE3BC1AEFD2890065593E /* PBXTargetDependency */,
			);
			name = TableViewAddMoreTests;
			productName = TableViewAddMoreTests;
			productReference = 234DE3BA1AEFD2890065593E /* TableViewAddMoreTests.xctest */;
			productType = "com.apple.product-type.bundle.unit-test";
		};
/* End PBXNativeTarget section */

/* Begin PBXProject section */
		234DE3991AEFD2890065593E /* Project object */ = {
			isa = PBXProject;
			attributes = {
				LastUpgradeCheck = 0630;
				ORGANIZATIONNAME = cc;
				TargetAttributes = {
					234DE3A01AEFD2890065593E = {
						CreatedOnToolsVersion = 6.3;
					};
					234DE3B91AEFD2890065593E = {
						CreatedOnToolsVersion = 6.3;
						TestTargetID = 234DE3A01AEFD2890065593E;
					};
				};
			};
			buildConfigurationList = 234DE39C1AEFD2890065593E /* Build configuration list for PBXProject "TableViewAddMore" */;
			compatibilityVersion = "Xcode 3.2";
			developmentRegion = English;
			hasScannedForEncodings = 0;
			knownRegions = (
				en,
				Base,
			);
			mainGroup = 234DE3981AEFD2890065593E;
			productRefGroup = 234DE3A21AEFD2890065593E /* Products */;
			projectDirPath = "";
			projectRoot = "";
			targets = (
				234DE3A01AEFD2890065593E /* TableViewAddMore */,
				234DE3B91AEFD2890065593E /* TableViewAddMoreTests */,
			);
		};
/* End PBXProject section */

/* Begin PBXResourcesBuildPhase section */
		234DE39F1AEFD2890065593E /* Resources */ = {
			isa = PBXResourcesBuildPhase;
			buildActionMask = 2147483647;
			files = (
				234DE3B01AEFD2890065593E /* Main.storyboard in Resources */,
				234DE3B51AEFD2890065593E /* LaunchScreen.xib in Resources */,
				234DE3B21AEFD2890065593E /* Images.xcassets in Resources */,
			);
			runOnlyForDeploymentPostprocessing = 0;
		};
		234DE3B81AEFD2890065593E /* Resources */ = {
			isa = PBXResourcesBuildPhase;
			buildActionMask = 2147483647;
			files = (
			);
			runOnlyForDeploymentPostprocessing = 0;
		};
/* End PBXResourcesBuildPhase section */

/* Begin PBXSourcesBuildPhase section */
		234DE39D1AEFD2890065593E /* Sources */ = {
			isa = PBXSourcesBuildPhase;
			buildActionMask = 2147483647;
			files = (
				234DE3AA1AEFD2890065593E /* AppDelegate.m in Sources */,
				234DE3CC1AEFD2BA0065593E /* TableViewController.m in Sources */,
				234DE3A71AEFD2890065593E /* main.m in Sources */,
			);
			runOnlyForDeploymentPostprocessing = 0;
		};
		234DE3B61AEFD2890065593E /* Sources */ = {
			isa = PBXSourcesBuildPhase;
			buildActionMask = 2147483647;
			files = (
				234DE3C11AEFD2890065593E /* TableViewAddMoreTests.m in Sources */,
			);
			runOnlyForDeploymentPostprocessing = 0;
		};
/* End PBXSourcesBuildPhase section */

/* Begin PBXTargetDependency section */
		234DE3BC1AEFD2890065593E /* PBXTargetDependency */ = {
			isa = PBXTargetDependency;
			target = 234DE3A01AEFD2890065593E /* TableViewAddMore */;
			targetProxy = 234DE3BB1AEFD2890065593E /* PBXContainerItemProxy */;
		};
/* End PBXTargetDependency section */

/* Begin PBXVariantGroup section */
		234DE3AE1AEFD2890065593E /* Main.storyboard */ = {
			isa = PBXVariantGroup;
			children = (
				234DE3AF1AEFD2890065593E /* Base */,
			);
			name = Main.storyboard;
			sourceTree = "<group>";
		};
		234DE3B31AEFD2890065593E /* LaunchScreen.xib */ = {
			isa = PBXVariantGroup;
			children = (
				234DE3B41AEFD2890065593E /* Base */,
			);
			name = LaunchScreen.xib;
			sourceTree = "<group>";
		};
/* End PBXVariantGroup section */

/* Begin XCBuildConfiguration section */
		234DE3C21AEFD2890065593E /* Debug */ = {
			isa = XCBuildConfiguration;
			buildSettings = {
				ALWAYS_SEARCH_USER_PATHS = NO;
				CLANG_CXX_LANGUAGE_STANDARD = "gnu++0x";
				CLANG_CXX_LIBRARY = "libc++";
				CLANG_ENABLE_MODULES = YES;
				CLANG_ENABLE_OBJC_ARC = YES;
				CLANG_WARN_BOOL_CONVERSION = YES;
				CLANG_WARN_CONSTANT_CONVERSION = YES;
				CLANG_WARN_DIRECT_OBJC_ISA_USAGE = YES_ERROR;
				CLANG_WARN_EMPTY_BODY = YES;
				CLANG_WARN_ENUM_CONVERSION = YES;
				CLANG_WARN_INT_CONVERSION = YES;
				CLANG_WARN_OBJC_ROOT_CLASS = YES_ERROR;
				CLANG_WARN_UNREACHABLE_CODE = YES;
				CLANG_WARN__DUPLICATE_METHOD_MATCH = YES;
				"CODE_SIGN_IDENTITY[sdk=iphoneos*]" = "iPhone Developer";
				COPY_PHASE_STRIP = NO;
				DEBUG_INFORMATION_FORMAT = "dwarf-with-dsym";
				ENABLE_STRICT_OBJC_MSGSEND = YES;
				GCC_C_LANGUAGE_STANDARD = gnu99;
				GCC_DYNAMIC_NO_PIC = NO;
				GCC_NO_COMMON_BLOCKS = YES;
				GCC_OPTIMIZATION_LEVEL = 0;
				GCC_PREPROCESSOR_DEFINITIONS = (
					"DEBUG=1",
					"$(inherited)",
				);
				GCC_SYMBOLS_PRIVATE_EXTERN = NO;
				GCC_WARN_64_TO_32_BIT_CONVERSION = YES;
				GCC_WARN_ABOUT_RETURN_TYPE = YES_ERROR;
				GCC_WARN_UNDECLARED_SELECTOR = YES;
				GCC_WARN_UNINITIALIZED_AUTOS = YES_AGGRESSIVE;
				GCC_WARN_UNUSED_FUNCTION = YES;
				GCC_WARN_UNUSED_VARIABLE = YES;
				IPHONEOS_DEPLOYMENT_TARGET = 8.3;
				MTL_ENABLE_DEBUG_INFO = YES;
				ONLY_ACTIVE_ARCH = YES;
				SDKROOT = iphoneos;
				TARGETED_DEVICE_FAMILY = "1,2";
			};
			name = Debug;
		};
		234DE3C31AEFD2890065593E /* Release */ = {
			isa = XCBuildConfiguration;
			buildSettings = {
				ALWAYS_SEARCH_USER_PATHS = NO;
				CLANG_CXX_LANGUAGE_STANDARD = "gnu++0x";
				CLANG_CXX_LIBRARY = "libc++";
				CLANG_ENABLE_MODULES = YES;
				CLANG_ENABLE_OBJC_ARC = YES;
				CLANG_WARN_BOOL_CONVERSION = YES;
				CLANG_WARN_CONSTANT_CONVERSION = YES;
				CLANG_WARN_DIRECT_OBJC_ISA_USAGE = YES_ERROR;
				CLANG_WARN_EMPTY_BODY = YES;
				CLANG_WARN_ENUM_CONVERSION = YES;
				CLANG_WARN_INT_CONVERSION = YES;
				CLANG_WARN_OBJC_ROOT_CLASS = YES_ERROR;
				CLANG_WARN_UNREACHABLE_CODE = YES;
				CLANG_WARN__DUPLICATE_METHOD_MATCH = YES;
				"CODE_SIGN_IDENTITY[sdk=iphoneos*]" = "iPhone Developer";
				COPY_PHASE_STRIP = NO;
				DEBUG_INFORMATION_FORMAT = "dwarf-with-dsym";
				ENABLE_NS_ASSERTIONS = NO;
				ENABLE_STRICT_OBJC_MSGSEND = YES;
				GCC_C_LANGUAGE_STANDARD = gnu99;
				GCC_NO_COMMON_BLOCKS = YES;
				GCC_WARN_64_TO_32_BIT_CONVERSION = YES;
				GCC_WARN_ABOUT_RETURN_TYPE = YES_ERROR;
				GCC_WARN_UNDECLARED_SELECTOR = YES;
				GCC_WARN_UNINITIALIZED_AUTOS = YES_AGGRESSIVE;
				GCC_WARN_UNUSED_FUNCTION = YES;
				GCC_WARN_UNUSED_VARIABLE = YES;
				IPHONEOS_DEPLOYMENT_TARGET = 8.3;
				MTL_ENABLE_DEBUG_INFO = NO;
				SDKROOT = iphoneos;
				TARGETED_DEVICE_FAMILY = "1,2";
				VALIDATE_PRODUCT = YES;
			};
			name = Release;
		};
		234DE3C51AEFD2890065593E /* Debug */ = {
			isa = XCBuildConfiguration;
			buildSettings = {
				ASSETCATALOG_COMPILER_APPICON_NAME = AppIcon;
				INFOPLIST_FILE = TableViewAddMore/Info.plist;
				LD_RUNPATH_SEARCH_PATHS = "$(inherited) @executable_path/Frameworks";
				PRODUCT_NAME = "$(TARGET_NAME)";
			};
			name = Debug;
		};
		234DE3C61AEFD2890065593E /* Release */ = {
			isa = XCBuildConfiguration;
			buildSettings = {
				ASSETCATALOG_COMPILER_APPICON_NAME = AppIcon;
				INFOPLIST_FILE = TableViewAddMore/Info.plist;
				LD_RUNPATH_SEARCH_PATHS = "$(inherited) @executable_path/Frameworks";
				PRODUCT_NAME = "$(TARGET_NAME)";
			};
			name = Release;
		};
		234DE3C81AEFD2890065593E /* Debug */ = {
			isa = XCBuildConfiguration;
			buildSettings = {
				BUNDLE_LOADER = "$(TEST_HOST)";
				FRAMEWORK_SEARCH_PATHS = (
					"$(SDKROOT)/Developer/Library/Frameworks",
					"$(inherited)",
				);
				GCC_PREPROCESSOR_DEFINITIONS = (
					"DEBUG=1",
					"$(inherited)",
				);
				INFOPLIST_FILE = TableViewAddMoreTests/Info.plist;
				LD_RUNPATH_SEARCH_PATHS = "$(inherited) @executable_path/Frameworks @loader_path/Frameworks";
				PRODUCT_NAME = "$(TARGET_NAME)";
				TEST_HOST = "$(BUILT_PRODUCTS_DIR)/TableViewAddMore.app/TableViewAddMore";
			};
			name = Debug;
		};
		234DE3C91AEFD2890065593E /* Release */ = {
			isa = XCBuildConfiguration;
			buildSettings = {
				BUNDLE_LOADER = "$(TEST_HOST)";
				FRAMEWORK_SEARCH_PATHS = (
					"$(SDKROOT)/Developer/Library/Frameworks",
					"$(inherited)",
				);
				INFOPLIST_FILE = TableViewAddMoreTests/Info.plist;
				LD_RUNPATH_SEARCH_PATHS = "$(inherited) @executable_path/Frameworks @loader_path/Frameworks";
				PRODUCT_NAME = "$(TARGET_NAME)";
				TEST_HOST = "$(BUILT_PRODUCTS_DIR)/TableViewAddMore.app/TableViewAddMore";
			};
			name = Release;
		};
/* End XCBuildConfiguration section */

/* Begin XCConfigurationList section */
		234DE39C1AEFD2890065593E /* Build configuration list for PBXProject "TableViewAddMore" */ = {
			isa = XCConfigurationList;
			buildConfigurations = (
				234DE3C21AEFD2890065593E /* Debug */,
				234DE3C31AEFD2890065593E /* Release */,
			);
			defaultConfigurationIsVisible = 0;
			defaultConfigurationName = Release;
		};
		234DE3C41AEFD2890065593E /* Build configuration list for PBXNativeTarget "TableViewAddMore" */ = {
			isa = XCConfigurationList;
			buildConfigurations = (
				234DE3C51AEFD2890065593E /* Debug */,
				234DE3C61AEFD2890065593E /* Release */,
			);
			defaultConfigurationIsVisible = 0;
		};
		234DE3C71AEFD2890065593E /* Build configuration list for PBXNativeTarget "TableViewAddMoreTests" */ = {
			isa = XCConfigurationList;
			buildConfigurations = (
				234DE3C81AEFD2890065593E /* Debug */,
				234DE3C91AEFD2890065593E /* Release */,
			);
			defaultConfigurationIsVisible = 0;
		};
/* End XCConfigurationList section */
	};
	rootObject = 234DE3991AEFD2890065593E /* Project object */;
}
