// !$*UTF8*$!
{
	archiveVersion = 1;
	classes = {
	};
	objectVersion = 46;
	objects = {

/* Begin PBXBuildFile section */
		23B965961BD3C286008912D3 /* main.m in Sources */ = {isa = PBXBuildFile; fileRef = 23B965951BD3C286008912D3 /* main.m */; };
		23B965991BD3C287008912D3 /* AppDelegate.m in Sources */ = {isa = PBXBuildFile; fileRef = 23B965981BD3C287008912D3 /* AppDelegate.m */; };
		23B9659C1BD3C287008912D3 /* ViewController.m in Sources */ = {isa = PBXBuildFile; fileRef = 23B9659B1BD3C287008912D3 /* ViewController.m */; };
		23B9659F1BD3C287008912D3 /* Main.storyboard in Resources */ = {isa = PBXBuildFile; fileRef = 23B9659D1BD3C287008912D3 /* Main.storyboard */; };
		23B965A11BD3C287008912D3 /* Assets.xcassets in Resources */ = {isa = PBXBuildFile; fileRef = 23B965A01BD3C287008912D3 /* Assets.xcassets */; };
		23B965A41BD3C287008912D3 /* LaunchScreen.storyboard in Resources */ = {isa = PBXBuildFile; fileRef = 23B965A21BD3C287008912D3 /* LaunchScreen.storyboard */; };
		23B965B11BD3C2B3008912D3 /* left.png in Resources */ = {isa = PBXBuildFile; fileRef = 23B965AC1BD3C2B3008912D3 /* left.png */; settings = {ASSET_TAGS = (); }; };
		23B965B21BD3C2B3008912D3 /* right.png in Resources */ = {isa = PBXBuildFile; fileRef = 23B965AD1BD3C2B3008912D3 /* right.png */; settings = {ASSET_TAGS = (); }; };
		23B965B31BD3C2B3008912D3 /* roope_big.png in Resources */ = {isa = PBXBuildFile; fileRef = 23B965AE1BD3C2B3008912D3 /* roope_big.png */; settings = {ASSET_TAGS = (); }; };
		23B965B41BD3C2B3008912D3 /* roope_small.png in Resources */ = {isa = PBXBuildFile; fileRef = 23B965AF1BD3C2B3008912D3 /* roope_small.png */; settings = {ASSET_TAGS = (); }; };
		23B965B51BD3C2B3008912D3 /* thumb.png in Resources */ = {isa = PBXBuildFile; fileRef = 23B965B01BD3C2B3008912D3 /* thumb.png */; settings = {ASSET_TAGS = (); }; };
/* End PBXBuildFile section */

/* Begin PBXFileReference section */
		23B965911BD3C286008912D3 /* practice913.app */ = {isa = PBXFileReference; explicitFileType = wrapper.application; includeInIndex = 0; path = practice913.app; sourceTree = BUILT_PRODUCTS_DIR; };
		23B965951BD3C286008912D3 /* main.m */ = {isa = PBXFileReference; lastKnownFileType = sourcecode.c.objc; path = main.m; sourceTree = "<group>"; };
		23B965971BD3C286008912D3 /* AppDelegate.h */ = {isa = PBXFileReference; lastKnownFileType = sourcecode.c.h; path = AppDelegate.h; sourceTree = "<group>"; };
		23B965981BD3C287008912D3 /* AppDelegate.m */ = {isa = PBXFileReference; lastKnownFileType = sourcecode.c.objc; path = AppDelegate.m; sourceTree = "<group>"; };
		23B9659A1BD3C287008912D3 /* ViewController.h */ = {isa = PBXFileReference; lastKnownFileType = sourcecode.c.h; path = ViewController.h; sourceTree = "<group>"; };
		23B9659B1BD3C287008912D3 /* ViewController.m */ = {isa = PBXFileReference; lastKnownFileType = sourcecode.c.objc; path = ViewController.m; sourceTree = "<group>"; };
		23B9659E1BD3C287008912D3 /* Base */ = {isa = PBXFileReference; lastKnownFileType = file.storyboard; name = Base; path = Base.lproj/Main.storyboard; sourceTree = "<group>"; };
		23B965A01BD3C287008912D3 /* Assets.xcassets */ = {isa = PBXFileReference; lastKnownFileType = folder.assetcatalog; path = Assets.xcassets; sourceTree = "<group>"; };
		23B965A31BD3C287008912D3 /* Base */ = {isa = PBXFileReference; lastKnownFileType = file.storyboard; name = Base; path = Base.lproj/LaunchScreen.storyboard; sourceTree = "<group>"; };
		23B965A51BD3C287008912D3 /* Info.plist */ = {isa = PBXFileReference; lastKnownFileType = text.plist.xml; path = Info.plist; sourceTree = "<group>"; };
		23B965AC1BD3C2B3008912D3 /* left.png */ = {isa = PBXFileReference; lastKnownFileType = image.png; path = left.png; sourceTree = "<group>"; };
		23B965AD1BD3C2B3008912D3 /* right.png */ = {isa = PBXFileReference; lastKnownFileType = image.png; path = right.png; sourceTree = "<group>"; };
		23B965AE1BD3C2B3008912D3 /* roope_big.png */ = {isa = PBXFileReference; lastKnownFileType = image.png; path = roope_big.png; sourceTree = "<group>"; };
		23B965AF1BD3C2B3008912D3 /* roope_small.png */ = {isa = PBXFileReference; lastKnownFileType = image.png; path = roope_small.png; sourceTree = "<group>"; };
		23B965B01BD3C2B3008912D3 /* thumb.png */ = {isa = PBXFileReference; lastKnownFileType = image.png; path = thumb.png; sourceTree = "<group>"; };
/* End PBXFileReference section */

/* Begin PBXFrameworksBuildPhase section */
		23B9658E1BD3C286008912D3 /* Frameworks */ = {
			isa = PBXFrameworksBuildPhase;
			buildActionMask = 2147483647;
			files = (
			);
			runOnlyForDeploymentPostprocessing = 0;
		};
/* End PBXFrameworksBuildPhase section */

/* Begin PBXGroup section */
		23B965881BD3C286008912D3 = {
			isa = PBXGroup;
			children = (
				23B965931BD3C286008912D3 /* practice913 */,
				23B965921BD3C286008912D3 /* Products */,
			);
			sourceTree = "<group>";
		};
		23B965921BD3C286008912D3 /* Products */ = {
			isa = PBXGroup;
			children = (
				23B965911BD3C286008912D3 /* practice913.app */,
			);
			name = Products;
			sourceTree = "<group>";
		};
		23B965931BD3C286008912D3 /* practice913 */ = {
			isa = PBXGroup;
			children = (
				23B965AB1BD3C2B3008912D3 /* Images */,
				23B965971BD3C286008912D3 /* AppDelegate.h */,
				23B965981BD3C287008912D3 /* AppDelegate.m */,
				23B9659A1BD3C287008912D3 /* ViewController.h */,
				23B9659B1BD3C287008912D3 /* ViewController.m */,
				23B9659D1BD3C287008912D3 /* Main.storyboard */,
				23B965A01BD3C287008912D3 /* Assets.xcassets */,
				23B965A21BD3C287008912D3 /* LaunchScreen.storyboard */,
				23B965A51BD3C287008912D3 /* Info.plist */,
				23B965941BD3C286008912D3 /* Supporting Files */,
			);
			path = practice913;
			sourceTree = "<group>";
		};
		23B965941BD3C286008912D3 /* Supporting Files */ = {
			isa = PBXGroup;
			children = (
				23B965951BD3C286008912D3 /* main.m */,
			);
			name = "Supporting Files";
			sourceTree = "<group>";
		};
		23B965AB1BD3C2B3008912D3 /* Images */ = {
			isa = PBXGroup;
			children = (
				23B965AC1BD3C2B3008912D3 /* left.png */,
				23B965AD1BD3C2B3008912D3 /* right.png */,
				23B965AE1BD3C2B3008912D3 /* roope_big.png */,
				23B965AF1BD3C2B3008912D3 /* roope_small.png */,
				23B965B01BD3C2B3008912D3 /* thumb.png */,
			);
			path = Images;
			sourceTree = "<group>";
		};
/* End PBXGroup section */

/* Begin PBXNativeTarget section */
		23B965901BD3C286008912D3 /* practice913 */ = {
			isa = PBXNativeTarget;
			buildConfigurationList = 23B965A81BD3C287008912D3 /* Build configuration list for PBXNativeTarget "practice913" */;
			buildPhases = (
				23B9658D1BD3C286008912D3 /* Sources */,
				23B9658E1BD3C286008912D3 /* Frameworks */,
				23B9658F1BD3C286008912D3 /* Resources */,
			);
			buildRules = (
			);
			dependencies = (
			);
			name = practice913;
			productName = practice913;
			productReference = 23B965911BD3C286008912D3 /* practice913.app */;
			productType = "com.apple.product-type.application";
		};
/* End PBXNativeTarget section */

/* Begin PBXProject section */
		23B965891BD3C286008912D3 /* Project object */ = {
			isa = PBXProject;
			attributes = {
				LastUpgradeCheck = 0700;
				ORGANIZATIONNAME = cyj;
				TargetAttributes = {
					23B965901BD3C286008912D3 = {
						CreatedOnToolsVersion = 7.0.1;
					};
				};
			};
			buildConfigurationList = 23B9658C1BD3C286008912D3 /* Build configuration list for PBXProject "practice913" */;
			compatibilityVersion = "Xcode 3.2";
			developmentRegion = English;
			hasScannedForEncodings = 0;
			knownRegions = (
				en,
				Base,
			);
			mainGroup = 23B965881BD3C286008912D3;
			productRefGroup = 23B965921BD3C286008912D3 /* Products */;
			projectDirPath = "";
			projectRoot = "";
			targets = (
				23B965901BD3C286008912D3 /* practice913 */,
			);
		};
/* End PBXProject section */

/* Begin PBXResourcesBuildPhase section */
		23B9658F1BD3C286008912D3 /* Resources */ = {
			isa = PBXResourcesBuildPhase;
			buildActionMask = 2147483647;
			files = (
				23B965B21BD3C2B3008912D3 /* right.png in Resources */,
				23B965A41BD3C287008912D3 /* LaunchScreen.storyboard in Resources */,
				23B965A11BD3C287008912D3 /* Assets.xcassets in Resources */,
				23B965B11BD3C2B3008912D3 /* left.png in Resources */,
				23B965B51BD3C2B3008912D3 /* thumb.png in Resources */,
				23B965B41BD3C2B3008912D3 /* roope_small.png in Resources */,
				23B965B31BD3C2B3008912D3 /* roope_big.png in Resources */,
				23B9659F1BD3C287008912D3 /* Main.storyboard in Resources */,
			);
			runOnlyForDeploymentPostprocessing = 0;
		};
/* End PBXResourcesBuildPhase section */

/* Begin PBXSourcesBuildPhase section */
		23B9658D1BD3C286008912D3 /* Sources */ = {
			isa = PBXSourcesBuildPhase;
			buildActionMask = 2147483647;
			files = (
				23B9659C1BD3C287008912D3 /* ViewController.m in Sources */,
				23B965991BD3C287008912D3 /* AppDelegate.m in Sources */,
				23B965961BD3C286008912D3 /* main.m in Sources */,
			);
			runOnlyForDeploymentPostprocessing = 0;
		};
/* End PBXSourcesBuildPhase section */

/* Begin PBXVariantGroup section */
		23B9659D1BD3C287008912D3 /* Main.storyboard */ = {
			isa = PBXVariantGroup;
			children = (
				23B9659E1BD3C287008912D3 /* Base */,
			);
			name = Main.storyboard;
			sourceTree = "<group>";
		};
		23B965A21BD3C287008912D3 /* LaunchScreen.storyboard */ = {
			isa = PBXVariantGroup;
			children = (
				23B965A31BD3C287008912D3 /* Base */,
			);
			name = LaunchScreen.storyboard;
			sourceTree = "<group>";
		};
/* End PBXVariantGroup section */

/* Begin XCBuildConfiguration section */
		23B965A61BD3C287008912D3 /* Debug */ = {
			isa = XCBuildConfiguration;
			buildSettings = {
				ALWAYS_SEARCH_USER_PATHS = NO;
				CLANG_CXX_LANGUAGE_STANDARD = "gnu++0x";
				CLANG_CXX_LIBRARY = "libc++";
				CLANG_ENABLE_MODULES = YES;
				CLANG_ENABLE_OBJC_ARC = YES;
				CLANG_WARN_BOOL_CONVERSION = YES;
				CLANG_WARN_CONSTANT_CONVERSION = YES;
				CLANG_WARN_DIRECT_OBJC_ISA_USAGE = YES_ERROR;
				CLANG_WARN_EMPTY_BODY = YES;
				CLANG_WARN_ENUM_CONVERSION = YES;
				CLANG_WARN_INT_CONVERSION = YES;
				CLANG_WARN_OBJC_ROOT_CLASS = YES_ERROR;
				CLANG_WARN_UNREACHABLE_CODE = YES;
				CLANG_WARN__DUPLICATE_METHOD_MATCH = YES;
				"CODE_SIGN_IDENTITY[sdk=iphoneos*]" = "iPhone Developer";
				COPY_PHASE_STRIP = NO;
				DEBUG_INFORMATION_FORMAT = dwarf;
				ENABLE_STRICT_OBJC_MSGSEND = YES;
				ENABLE_TESTABILITY = YES;
				GCC_C_LANGUAGE_STANDARD = gnu99;
				GCC_DYNAMIC_NO_PIC = NO;
				GCC_NO_COMMON_BLOCKS = YES;
				GCC_OPTIMIZATION_LEVEL = 0;
				GCC_PREPROCESSOR_DEFINITIONS = (
					"DEBUG=1",
					"$(inherited)",
				);
				GCC_WARN_64_TO_32_BIT_CONVERSION = YES;
				GCC_WARN_ABOUT_RETURN_TYPE = YES_ERROR;
				GCC_WARN_UNDECLARED_SELECTOR = YES;
				GCC_WARN_UNINITIALIZED_AUTOS = YES_AGGRESSIVE;
				GCC_WARN_UNUSED_FUNCTION = YES;
				GCC_WARN_UNUSED_VARIABLE = YES;
				IPHONEOS_DEPLOYMENT_TARGET = 9.0;
				MTL_ENABLE_DEBUG_INFO = YES;
				ONLY_ACTIVE_ARCH = YES;
				SDKROOT = iphoneos;
				TARGETED_DEVICE_FAMILY = "1,2";
			};
			name = Debug;
		};
		23B965A71BD3C287008912D3 /* Release */ = {
			isa = XCBuildConfiguration;
			buildSettings = {
				ALWAYS_SEARCH_USER_PATHS = NO;
				CLANG_CXX_LANGUAGE_STANDARD = "gnu++0x";
				CLANG_CXX_LIBRARY = "libc++";
				CLANG_ENABLE_MODULES = YES;
				CLANG_ENABLE_OBJC_ARC = YES;
				CLANG_WARN_BOOL_CONVERSION = YES;
				CLANG_WARN_CONSTANT_CONVERSION = YES;
				CLANG_WARN_DIRECT_OBJC_ISA_USAGE = YES_ERROR;
				CLANG_WARN_EMPTY_BODY = YES;
				CLANG_WARN_ENUM_CONVERSION = YES;
				CLANG_WARN_INT_CONVERSION = YES;
				CLANG_WARN_OBJC_ROOT_CLASS = YES_ERROR;
				CLANG_WARN_UNREACHABLE_CODE = YES;
				CLANG_WARN__DUPLICATE_METHOD_MATCH = YES;
				"CODE_SIGN_IDENTITY[sdk=iphoneos*]" = "iPhone Developer";
				COPY_PHASE_STRIP = NO;
				DEBUG_INFORMATION_FORMAT = "dwarf-with-dsym";
				ENABLE_NS_ASSERTIONS = NO;
				ENABLE_STRICT_OBJC_MSGSEND = YES;
				GCC_C_LANGUAGE_STANDARD = gnu99;
				GCC_NO_COMMON_BLOCKS = YES;
				GCC_WARN_64_TO_32_BIT_CONVERSION = YES;
				GCC_WARN_ABOUT_RETURN_TYPE = YES_ERROR;
				GCC_WARN_UNDECLARED_SELECTOR = YES;
				GCC_WARN_UNINITIALIZED_AUTOS = YES_AGGRESSIVE;
				GCC_WARN_UNUSED_FUNCTION = YES;
				GCC_WARN_UNUSED_VARIABLE = YES;
				IPHONEOS_DEPLOYMENT_TARGET = 9.0;
				MTL_ENABLE_DEBUG_INFO = NO;
				SDKROOT = iphoneos;
				TARGETED_DEVICE_FAMILY = "1,2";
				VALIDATE_PRODUCT = YES;
			};
			name = Release;
		};
		23B965A91BD3C287008912D3 /* Debug */ = {
			isa = XCBuildConfiguration;
			buildSettings = {
				ASSETCATALOG_COMPILER_APPICON_NAME = AppIcon;
				INFOPLIST_FILE = practice913/Info.plist;
				LD_RUNPATH_SEARCH_PATHS = "$(inherited) @executable_path/Frameworks";
				PRODUCT_BUNDLE_IDENTIFIER = com.cyj.practice913;
				PRODUCT_NAME = "$(TARGET_NAME)";
			};
			name = Debug;
		};
		23B965AA1BD3C287008912D3 /* Release */ = {
			isa = XCBuildConfiguration;
			buildSettings = {
				ASSETCATALOG_COMPILER_APPICON_NAME = AppIcon;
				INFOPLIST_FILE = practice913/Info.plist;
				LD_RUNPATH_SEARCH_PATHS = "$(inherited) @executable_path/Frameworks";
				PRODUCT_BUNDLE_IDENTIFIER = com.cyj.practice913;
				PRODUCT_NAME = "$(TARGET_NAME)";
			};
			name = Release;
		};
/* End XCBuildConfiguration section */

/* Begin XCConfigurationList section */
		23B9658C1BD3C286008912D3 /* Build configuration list for PBXProject "practice913" */ = {
			isa = XCConfigurationList;
			buildConfigurations = (
				23B965A61BD3C287008912D3 /* Debug */,
				23B965A71BD3C287008912D3 /* Release */,
			);
			defaultConfigurationIsVisible = 0;
			defaultConfigurationName = Release;
		};
		23B965A81BD3C287008912D3 /* Build configuration list for PBXNativeTarget "practice913" */ = {
			isa = XCConfigurationList;
			buildConfigurations = (
				23B965A91BD3C287008912D3 /* Debug */,
				23B965AA1BD3C287008912D3 /* Release */,
			);
			defaultConfigurationIsVisible = 0;
		};
/* End XCConfigurationList section */
	};
	rootObject = 23B965891BD3C286008912D3 /* Project object */;
}
