// !$*UTF8*$!
{
	archiveVersion = 1;
	classes = {
	};
	objectVersion = 46;
	objects = {

/* Begin PBXBuildFile section */
		2355B8681BCE8C5500914417 /* main.m in Sources */ = {isa = PBXBuildFile; fileRef = 2355B8671BCE8C5500914417 /* main.m */; };
		2355B86B1BCE8C5500914417 /* AppDelegate.m in Sources */ = {isa = PBXBuildFile; fileRef = 2355B86A1BCE8C5500914417 /* AppDelegate.m */; };
		2355B86E1BCE8C5500914417 /* ViewController.m in Sources */ = {isa = PBXBuildFile; fileRef = 2355B86D1BCE8C5500914417 /* ViewController.m */; };
		2355B8711BCE8C5500914417 /* Main.storyboard in Resources */ = {isa = PBXBuildFile; fileRef = 2355B86F1BCE8C5500914417 /* Main.storyboard */; };
		2355B8731BCE8C5500914417 /* Assets.xcassets in Resources */ = {isa = PBXBuildFile; fileRef = 2355B8721BCE8C5500914417 /* Assets.xcassets */; };
		2355B8761BCE8C5500914417 /* LaunchScreen.storyboard in Resources */ = {isa = PBXBuildFile; fileRef = 2355B8741BCE8C5500914417 /* LaunchScreen.storyboard */; };
/* End PBXBuildFile section */

/* Begin PBXFileReference section */
		2355B8631BCE8C5500914417 /* test813.app */ = {isa = PBXFileReference; explicitFileType = wrapper.application; includeInIndex = 0; path = test813.app; sourceTree = BUILT_PRODUCTS_DIR; };
		2355B8671BCE8C5500914417 /* main.m */ = {isa = PBXFileReference; lastKnownFileType = sourcecode.c.objc; path = main.m; sourceTree = "<group>"; };
		2355B8691BCE8C5500914417 /* AppDelegate.h */ = {isa = PBXFileReference; lastKnownFileType = sourcecode.c.h; path = AppDelegate.h; sourceTree = "<group>"; };
		2355B86A1BCE8C5500914417 /* AppDelegate.m */ = {isa = PBXFileReference; lastKnownFileType = sourcecode.c.objc; path = AppDelegate.m; sourceTree = "<group>"; };
		2355B86C1BCE8C5500914417 /* ViewController.h */ = {isa = PBXFileReference; lastKnownFileType = sourcecode.c.h; path = ViewController.h; sourceTree = "<group>"; };
		2355B86D1BCE8C5500914417 /* ViewController.m */ = {isa = PBXFileReference; lastKnownFileType = sourcecode.c.objc; path = ViewController.m; sourceTree = "<group>"; };
		2355B8701BCE8C5500914417 /* Base */ = {isa = PBXFileReference; lastKnownFileType = file.storyboard; name = Base; path = Base.lproj/Main.storyboard; sourceTree = "<group>"; };
		2355B8721BCE8C5500914417 /* Assets.xcassets */ = {isa = PBXFileReference; lastKnownFileType = folder.assetcatalog; path = Assets.xcassets; sourceTree = "<group>"; };
		2355B8751BCE8C5500914417 /* Base */ = {isa = PBXFileReference; lastKnownFileType = file.storyboard; name = Base; path = Base.lproj/LaunchScreen.storyboard; sourceTree = "<group>"; };
		2355B8771BCE8C5500914417 /* Info.plist */ = {isa = PBXFileReference; lastKnownFileType = text.plist.xml; path = Info.plist; sourceTree = "<group>"; };
/* End PBXFileReference section */

/* Begin PBXFrameworksBuildPhase section */
		2355B8601BCE8C5500914417 /* Frameworks */ = {
			isa = PBXFrameworksBuildPhase;
			buildActionMask = 2147483647;
			files = (
			);
			runOnlyForDeploymentPostprocessing = 0;
		};
/* End PBXFrameworksBuildPhase section */

/* Begin PBXGroup section */
		2355B85A1BCE8C5500914417 = {
			isa = PBXGroup;
			children = (
				2355B8651BCE8C5500914417 /* test813 */,
				2355B8641BCE8C5500914417 /* Products */,
			);
			sourceTree = "<group>";
		};
		2355B8641BCE8C5500914417 /* Products */ = {
			isa = PBXGroup;
			children = (
				2355B8631BCE8C5500914417 /* test813.app */,
			);
			name = Products;
			sourceTree = "<group>";
		};
		2355B8651BCE8C5500914417 /* test813 */ = {
			isa = PBXGroup;
			children = (
				2355B8691BCE8C5500914417 /* AppDelegate.h */,
				2355B86A1BCE8C5500914417 /* AppDelegate.m */,
				2355B86C1BCE8C5500914417 /* ViewController.h */,
				2355B86D1BCE8C5500914417 /* ViewController.m */,
				2355B86F1BCE8C5500914417 /* Main.storyboard */,
				2355B8721BCE8C5500914417 /* Assets.xcassets */,
				2355B8741BCE8C5500914417 /* LaunchScreen.storyboard */,
				2355B8771BCE8C5500914417 /* Info.plist */,
				2355B8661BCE8C5500914417 /* Supporting Files */,
			);
			path = test813;
			sourceTree = "<group>";
		};
		2355B8661BCE8C5500914417 /* Supporting Files */ = {
			isa = PBXGroup;
			children = (
				2355B8671BCE8C5500914417 /* main.m */,
			);
			name = "Supporting Files";
			sourceTree = "<group>";
		};
/* End PBXGroup section */

/* Begin PBXNativeTarget section */
		2355B8621BCE8C5500914417 /* test813 */ = {
			isa = PBXNativeTarget;
			buildConfigurationList = 2355B87A1BCE8C5500914417 /* Build configuration list for PBXNativeTarget "test813" */;
			buildPhases = (
				2355B85F1BCE8C5500914417 /* Sources */,
				2355B8601BCE8C5500914417 /* Frameworks */,
				2355B8611BCE8C5500914417 /* Resources */,
			);
			buildRules = (
			);
			dependencies = (
			);
			name = test813;
			productName = test813;
			productReference = 2355B8631BCE8C5500914417 /* test813.app */;
			productType = "com.apple.product-type.application";
		};
/* End PBXNativeTarget section */

/* Begin PBXProject section */
		2355B85B1BCE8C5500914417 /* Project object */ = {
			isa = PBXProject;
			attributes = {
				LastUpgradeCheck = 0700;
				ORGANIZATIONNAME = cyj;
				TargetAttributes = {
					2355B8621BCE8C5500914417 = {
						CreatedOnToolsVersion = 7.0.1;
					};
				};
			};
			buildConfigurationList = 2355B85E1BCE8C5500914417 /* Build configuration list for PBXProject "test813" */;
			compatibilityVersion = "Xcode 3.2";
			developmentRegion = English;
			hasScannedForEncodings = 0;
			knownRegions = (
				en,
				Base,
			);
			mainGroup = 2355B85A1BCE8C5500914417;
			productRefGroup = 2355B8641BCE8C5500914417 /* Products */;
			projectDirPath = "";
			projectRoot = "";
			targets = (
				2355B8621BCE8C5500914417 /* test813 */,
			);
		};
/* End PBXProject section */

/* Begin PBXResourcesBuildPhase section */
		2355B8611BCE8C5500914417 /* Resources */ = {
			isa = PBXResourcesBuildPhase;
			buildActionMask = 2147483647;
			files = (
				2355B8761BCE8C5500914417 /* LaunchScreen.storyboard in Resources */,
				2355B8731BCE8C5500914417 /* Assets.xcassets in Resources */,
				2355B8711BCE8C5500914417 /* Main.storyboard in Resources */,
			);
			runOnlyForDeploymentPostprocessing = 0;
		};
/* End PBXResourcesBuildPhase section */

/* Begin PBXSourcesBuildPhase section */
		2355B85F1BCE8C5500914417 /* Sources */ = {
			isa = PBXSourcesBuildPhase;
			buildActionMask = 2147483647;
			files = (
				2355B86E1BCE8C5500914417 /* ViewController.m in Sources */,
				2355B86B1BCE8C5500914417 /* AppDelegate.m in Sources */,
				2355B8681BCE8C5500914417 /* main.m in Sources */,
			);
			runOnlyForDeploymentPostprocessing = 0;
		};
/* End PBXSourcesBuildPhase section */

/* Begin PBXVariantGroup section */
		2355B86F1BCE8C5500914417 /* Main.storyboard */ = {
			isa = PBXVariantGroup;
			children = (
				2355B8701BCE8C5500914417 /* Base */,
			);
			name = Main.storyboard;
			sourceTree = "<group>";
		};
		2355B8741BCE8C5500914417 /* LaunchScreen.storyboard */ = {
			isa = PBXVariantGroup;
			children = (
				2355B8751BCE8C5500914417 /* Base */,
			);
			name = LaunchScreen.storyboard;
			sourceTree = "<group>";
		};
/* End PBXVariantGroup section */

/* Begin XCBuildConfiguration section */
		2355B8781BCE8C5500914417 /* Debug */ = {
			isa = XCBuildConfiguration;
			buildSettings = {
				ALWAYS_SEARCH_USER_PATHS = NO;
				CLANG_CXX_LANGUAGE_STANDARD = "gnu++0x";
				CLANG_CXX_LIBRARY = "libc++";
				CLANG_ENABLE_MODULES = YES;
				CLANG_ENABLE_OBJC_ARC = YES;
				CLANG_WARN_BOOL_CONVERSION = YES;
				CLANG_WARN_CONSTANT_CONVERSION = YES;
				CLANG_WARN_DIRECT_OBJC_ISA_USAGE = YES_ERROR;
				CLANG_WARN_EMPTY_BODY = YES;
				CLANG_WARN_ENUM_CONVERSION = YES;
				CLANG_WARN_INT_CONVERSION = YES;
				CLANG_WARN_OBJC_ROOT_CLASS = YES_ERROR;
				CLANG_WARN_UNREACHABLE_CODE = YES;
				CLANG_WARN__DUPLICATE_METHOD_MATCH = YES;
				"CODE_SIGN_IDENTITY[sdk=iphoneos*]" = "iPhone Developer";
				COPY_PHASE_STRIP = NO;
				DEBUG_INFORMATION_FORMAT = dwarf;
				ENABLE_STRICT_OBJC_MSGSEND = YES;
				ENABLE_TESTABILITY = YES;
				GCC_C_LANGUAGE_STANDARD = gnu99;
				GCC_DYNAMIC_NO_PIC = NO;
				GCC_NO_COMMON_BLOCKS = YES;
				GCC_OPTIMIZATION_LEVEL = 0;
				GCC_PREPROCESSOR_DEFINITIONS = (
					"DEBUG=1",
					"$(inherited)",
				);
				GCC_WARN_64_TO_32_BIT_CONVERSION = YES;
				GCC_WARN_ABOUT_RETURN_TYPE = YES_ERROR;
				GCC_WARN_UNDECLARED_SELECTOR = YES;
				GCC_WARN_UNINITIALIZED_AUTOS = YES_AGGRESSIVE;
				GCC_WARN_UNUSED_FUNCTION = YES;
				GCC_WARN_UNUSED_VARIABLE = YES;
				IPHONEOS_DEPLOYMENT_TARGET = 9.0;
				MTL_ENABLE_DEBUG_INFO = YES;
				ONLY_ACTIVE_ARCH = YES;
				SDKROOT = iphoneos;
				TARGETED_DEVICE_FAMILY = "1,2";
			};
			name = Debug;
		};
		2355B8791BCE8C5500914417 /* Release */ = {
			isa = XCBuildConfiguration;
			buildSettings = {
				ALWAYS_SEARCH_USER_PATHS = NO;
				CLANG_CXX_LANGUAGE_STANDARD = "gnu++0x";
				CLANG_CXX_LIBRARY = "libc++";
				CLANG_ENABLE_MODULES = YES;
				CLANG_ENABLE_OBJC_ARC = YES;
				CLANG_WARN_BOOL_CONVERSION = YES;
				CLANG_WARN_CONSTANT_CONVERSION = YES;
				CLANG_WARN_DIRECT_OBJC_ISA_USAGE = YES_ERROR;
				CLANG_WARN_EMPTY_BODY = YES;
				CLANG_WARN_ENUM_CONVERSION = YES;
				CLANG_WARN_INT_CONVERSION = YES;
				CLANG_WARN_OBJC_ROOT_CLASS = YES_ERROR;
				CLANG_WARN_UNREACHABLE_CODE = YES;
				CLANG_WARN__DUPLICATE_METHOD_MATCH = YES;
				"CODE_SIGN_IDENTITY[sdk=iphoneos*]" = "iPhone Developer";
				COPY_PHASE_STRIP = NO;
				DEBUG_INFORMATION_FORMAT = "dwarf-with-dsym";
				ENABLE_NS_ASSERTIONS = NO;
				ENABLE_STRICT_OBJC_MSGSEND = YES;
				GCC_C_LANGUAGE_STANDARD = gnu99;
				GCC_NO_COMMON_BLOCKS = YES;
				GCC_WARN_64_TO_32_BIT_CONVERSION = YES;
				GCC_WARN_ABOUT_RETURN_TYPE = YES_ERROR;
				GCC_WARN_UNDECLARED_SELECTOR = YES;
				GCC_WARN_UNINITIALIZED_AUTOS = YES_AGGRESSIVE;
				GCC_WARN_UNUSED_FUNCTION = YES;
				GCC_WARN_UNUSED_VARIABLE = YES;
				IPHONEOS_DEPLOYMENT_TARGET = 9.0;
				MTL_ENABLE_DEBUG_INFO = NO;
				SDKROOT = iphoneos;
				TARGETED_DEVICE_FAMILY = "1,2";
				VALIDATE_PRODUCT = YES;
			};
			name = Release;
		};
		2355B87B1BCE8C5500914417 /* Debug */ = {
			isa = XCBuildConfiguration;
			buildSettings = {
				ASSETCATALOG_COMPILER_APPICON_NAME = AppIcon;
				INFOPLIST_FILE = test813/Info.plist;
				LD_RUNPATH_SEARCH_PATHS = "$(inherited) @executable_path/Frameworks";
				PRODUCT_BUNDLE_IDENTIFIER = com.cyj.test813;
				PRODUCT_NAME = "$(TARGET_NAME)";
			};
			name = Debug;
		};
		2355B87C1BCE8C5500914417 /* Release */ = {
			isa = XCBuildConfiguration;
			buildSettings = {
				ASSETCATALOG_COMPILER_APPICON_NAME = AppIcon;
				INFOPLIST_FILE = test813/Info.plist;
				LD_RUNPATH_SEARCH_PATHS = "$(inherited) @executable_path/Frameworks";
				PRODUCT_BUNDLE_IDENTIFIER = com.cyj.test813;
				PRODUCT_NAME = "$(TARGET_NAME)";
			};
			name = Release;
		};
/* End XCBuildConfiguration section */

/* Begin XCConfigurationList section */
		2355B85E1BCE8C5500914417 /* Build configuration list for PBXProject "test813" */ = {
			isa = XCConfigurationList;
			buildConfigurations = (
				2355B8781BCE8C5500914417 /* Debug */,
				2355B8791BCE8C5500914417 /* Release */,
			);
			defaultConfigurationIsVisible = 0;
			defaultConfigurationName = Release;
		};
		2355B87A1BCE8C5500914417 /* Build configuration list for PBXNativeTarget "test813" */ = {
			isa = XCConfigurationList;
			buildConfigurations = (
				2355B87B1BCE8C5500914417 /* Debug */,
				2355B87C1BCE8C5500914417 /* Release */,
			);
			defaultConfigurationIsVisible = 0;
		};
/* End XCConfigurationList section */
	};
	rootObject = 2355B85B1BCE8C5500914417 /* Project object */;
}
