// !$*UTF8*$!
{
	archiveVersion = 1;
	classes = {
	};
	objectVersion = 46;
	objects = {

/* Begin PBXBuildFile section */
		237F74781AEFBE96007266C5 /* main.m in Sources */ = {isa = PBXBuildFile; fileRef = 237F74771AEFBE96007266C5 /* main.m */; };
		237F747B1AEFBE96007266C5 /* AppDelegate.m in Sources */ = {isa = PBXBuildFile; fileRef = 237F747A1AEFBE96007266C5 /* AppDelegate.m */; };
		237F747E1AEFBE96007266C5 /* ViewController.m in Sources */ = {isa = PBXBuildFile; fileRef = 237F747D1AEFBE96007266C5 /* ViewController.m */; };
		237F74811AEFBE96007266C5 /* Main.storyboard in Resources */ = {isa = PBXBuildFile; fileRef = 237F747F1AEFBE96007266C5 /* Main.storyboard */; };
		237F74831AEFBE96007266C5 /* Images.xcassets in Resources */ = {isa = PBXBuildFile; fileRef = 237F74821AEFBE96007266C5 /* Images.xcassets */; };
		237F74861AEFBE96007266C5 /* LaunchScreen.xib in Resources */ = {isa = PBXBuildFile; fileRef = 237F74841AEFBE96007266C5 /* LaunchScreen.xib */; };
		237F74921AEFBE96007266C5 /* ScrollViewsTests.m in Sources */ = {isa = PBXBuildFile; fileRef = 237F74911AEFBE96007266C5 /* ScrollViewsTests.m */; };
		237F749C1AEFBF8B007266C5 /* ScrollViewsResources in Resources */ = {isa = PBXBuildFile; fileRef = 237F749B1AEFBF8B007266C5 /* ScrollViewsResources */; };
/* End PBXBuildFile section */

/* Begin PBXContainerItemProxy section */
		237F748C1AEFBE96007266C5 /* PBXContainerItemProxy */ = {
			isa = PBXContainerItemProxy;
			containerPortal = 237F746A1AEFBE96007266C5 /* Project object */;
			proxyType = 1;
			remoteGlobalIDString = 237F74711AEFBE96007266C5;
			remoteInfo = ScrollViews;
		};
/* End PBXContainerItemProxy section */

/* Begin PBXFileReference section */
		237F74721AEFBE96007266C5 /* ScrollViews.app */ = {isa = PBXFileReference; explicitFileType = wrapper.application; includeInIndex = 0; path = ScrollViews.app; sourceTree = BUILT_PRODUCTS_DIR; };
		237F74761AEFBE96007266C5 /* Info.plist */ = {isa = PBXFileReference; lastKnownFileType = text.plist.xml; path = Info.plist; sourceTree = "<group>"; };
		237F74771AEFBE96007266C5 /* main.m */ = {isa = PBXFileReference; lastKnownFileType = sourcecode.c.objc; path = main.m; sourceTree = "<group>"; };
		237F74791AEFBE96007266C5 /* AppDelegate.h */ = {isa = PBXFileReference; lastKnownFileType = sourcecode.c.h; path = AppDelegate.h; sourceTree = "<group>"; };
		237F747A1AEFBE96007266C5 /* AppDelegate.m */ = {isa = PBXFileReference; lastKnownFileType = sourcecode.c.objc; path = AppDelegate.m; sourceTree = "<group>"; };
		237F747C1AEFBE96007266C5 /* ViewController.h */ = {isa = PBXFileReference; lastKnownFileType = sourcecode.c.h; path = ViewController.h; sourceTree = "<group>"; };
		237F747D1AEFBE96007266C5 /* ViewController.m */ = {isa = PBXFileReference; lastKnownFileType = sourcecode.c.objc; path = ViewController.m; sourceTree = "<group>"; };
		237F74801AEFBE96007266C5 /* Base */ = {isa = PBXFileReference; lastKnownFileType = file.storyboard; name = Base; path = Base.lproj/Main.storyboard; sourceTree = "<group>"; };
		237F74821AEFBE96007266C5 /* Images.xcassets */ = {isa = PBXFileReference; lastKnownFileType = folder.assetcatalog; path = Images.xcassets; sourceTree = "<group>"; };
		237F74851AEFBE96007266C5 /* Base */ = {isa = PBXFileReference; lastKnownFileType = file.xib; name = Base; path = Base.lproj/LaunchScreen.xib; sourceTree = "<group>"; };
		237F748B1AEFBE96007266C5 /* ScrollViewsTests.xctest */ = {isa = PBXFileReference; explicitFileType = wrapper.cfbundle; includeInIndex = 0; path = ScrollViewsTests.xctest; sourceTree = BUILT_PRODUCTS_DIR; };
		237F74901AEFBE96007266C5 /* Info.plist */ = {isa = PBXFileReference; lastKnownFileType = text.plist.xml; path = Info.plist; sourceTree = "<group>"; };
		237F74911AEFBE96007266C5 /* ScrollViewsTests.m */ = {isa = PBXFileReference; lastKnownFileType = sourcecode.c.objc; path = ScrollViewsTests.m; sourceTree = "<group>"; };
		237F749B1AEFBF8B007266C5 /* ScrollViewsResources */ = {isa = PBXFileReference; lastKnownFileType = folder; path = ScrollViewsResources; sourceTree = "<group>"; };
/* End PBXFileReference section */

/* Begin PBXFrameworksBuildPhase section */
		237F746F1AEFBE96007266C5 /* Frameworks */ = {
			isa = PBXFrameworksBuildPhase;
			buildActionMask = 2147483647;
			files = (
			);
			runOnlyForDeploymentPostprocessing = 0;
		};
		237F74881AEFBE96007266C5 /* Frameworks */ = {
			isa = PBXFrameworksBuildPhase;
			buildActionMask = 2147483647;
			files = (
			);
			runOnlyForDeploymentPostprocessing = 0;
		};
/* End PBXFrameworksBuildPhase section */

/* Begin PBXGroup section */
		237F74691AEFBE96007266C5 = {
			isa = PBXGroup;
			children = (
				237F74741AEFBE96007266C5 /* ScrollViews */,
				237F748E1AEFBE96007266C5 /* ScrollViewsTests */,
				237F74731AEFBE96007266C5 /* Products */,
			);
			sourceTree = "<group>";
		};
		237F74731AEFBE96007266C5 /* Products */ = {
			isa = PBXGroup;
			children = (
				237F74721AEFBE96007266C5 /* ScrollViews.app */,
				237F748B1AEFBE96007266C5 /* ScrollViewsTests.xctest */,
			);
			name = Products;
			sourceTree = "<group>";
		};
		237F74741AEFBE96007266C5 /* ScrollViews */ = {
			isa = PBXGroup;
			children = (
				237F749B1AEFBF8B007266C5 /* ScrollViewsResources */,
				237F74791AEFBE96007266C5 /* AppDelegate.h */,
				237F747A1AEFBE96007266C5 /* AppDelegate.m */,
				237F747C1AEFBE96007266C5 /* ViewController.h */,
				237F747D1AEFBE96007266C5 /* ViewController.m */,
				237F747F1AEFBE96007266C5 /* Main.storyboard */,
				237F74821AEFBE96007266C5 /* Images.xcassets */,
				237F74841AEFBE96007266C5 /* LaunchScreen.xib */,
				237F74751AEFBE96007266C5 /* Supporting Files */,
			);
			path = ScrollViews;
			sourceTree = "<group>";
		};
		237F74751AEFBE96007266C5 /* Supporting Files */ = {
			isa = PBXGroup;
			children = (
				237F74761AEFBE96007266C5 /* Info.plist */,
				237F74771AEFBE96007266C5 /* main.m */,
			);
			name = "Supporting Files";
			sourceTree = "<group>";
		};
		237F748E1AEFBE96007266C5 /* ScrollViewsTests */ = {
			isa = PBXGroup;
			children = (
				237F74911AEFBE96007266C5 /* ScrollViewsTests.m */,
				237F748F1AEFBE96007266C5 /* Supporting Files */,
			);
			path = ScrollViewsTests;
			sourceTree = "<group>";
		};
		237F748F1AEFBE96007266C5 /* Supporting Files */ = {
			isa = PBXGroup;
			children = (
				237F74901AEFBE96007266C5 /* Info.plist */,
			);
			name = "Supporting Files";
			sourceTree = "<group>";
		};
/* End PBXGroup section */

/* Begin PBXNativeTarget section */
		237F74711AEFBE96007266C5 /* ScrollViews */ = {
			isa = PBXNativeTarget;
			buildConfigurationList = 237F74951AEFBE96007266C5 /* Build configuration list for PBXNativeTarget "ScrollViews" */;
			buildPhases = (
				237F746E1AEFBE96007266C5 /* Sources */,
				237F746F1AEFBE96007266C5 /* Frameworks */,
				237F74701AEFBE96007266C5 /* Resources */,
			);
			buildRules = (
			);
			dependencies = (
			);
			name = ScrollViews;
			productName = ScrollViews;
			productReference = 237F74721AEFBE96007266C5 /* ScrollViews.app */;
			productType = "com.apple.product-type.application";
		};
		237F748A1AEFBE96007266C5 /* ScrollViewsTests */ = {
			isa = PBXNativeTarget;
			buildConfigurationList = 237F74981AEFBE96007266C5 /* Build configuration list for PBXNativeTarget "ScrollViewsTests" */;
			buildPhases = (
				237F74871AEFBE96007266C5 /* Sources */,
				237F74881AEFBE96007266C5 /* Frameworks */,
				237F74891AEFBE96007266C5 /* Resources */,
			);
			buildRules = (
			);
			dependencies = (
				237F748D1AEFBE96007266C5 /* PBXTargetDependency */,
			);
			name = ScrollViewsTests;
			productName = ScrollViewsTests;
			productReference = 237F748B1AEFBE96007266C5 /* ScrollViewsTests.xctest */;
			productType = "com.apple.product-type.bundle.unit-test";
		};
/* End PBXNativeTarget section */

/* Begin PBXProject section */
		237F746A1AEFBE96007266C5 /* Project object */ = {
			isa = PBXProject;
			attributes = {
				LastUpgradeCheck = 0630;
				ORGANIZATIONNAME = cc;
				TargetAttributes = {
					237F74711AEFBE96007266C5 = {
						CreatedOnToolsVersion = 6.3;
					};
					237F748A1AEFBE96007266C5 = {
						CreatedOnToolsVersion = 6.3;
						TestTargetID = 237F74711AEFBE96007266C5;
					};
				};
			};
			buildConfigurationList = 237F746D1AEFBE96007266C5 /* Build configuration list for PBXProject "ScrollViews" */;
			compatibilityVersion = "Xcode 3.2";
			developmentRegion = English;
			hasScannedForEncodings = 0;
			knownRegions = (
				en,
				Base,
			);
			mainGroup = 237F74691AEFBE96007266C5;
			productRefGroup = 237F74731AEFBE96007266C5 /* Products */;
			projectDirPath = "";
			projectRoot = "";
			targets = (
				237F74711AEFBE96007266C5 /* ScrollViews */,
				237F748A1AEFBE96007266C5 /* ScrollViewsTests */,
			);
		};
/* End PBXProject section */

/* Begin PBXResourcesBuildPhase section */
		237F74701AEFBE96007266C5 /* Resources */ = {
			isa = PBXResourcesBuildPhase;
			buildActionMask = 2147483647;
			files = (
				237F749C1AEFBF8B007266C5 /* ScrollViewsResources in Resources */,
				237F74811AEFBE96007266C5 /* Main.storyboard in Resources */,
				237F74861AEFBE96007266C5 /* LaunchScreen.xib in Resources */,
				237F74831AEFBE96007266C5 /* Images.xcassets in Resources */,
			);
			runOnlyForDeploymentPostprocessing = 0;
		};
		237F74891AEFBE96007266C5 /* Resources */ = {
			isa = PBXResourcesBuildPhase;
			buildActionMask = 2147483647;
			files = (
			);
			runOnlyForDeploymentPostprocessing = 0;
		};
/* End PBXResourcesBuildPhase section */

/* Begin PBXSourcesBuildPhase section */
		237F746E1AEFBE96007266C5 /* Sources */ = {
			isa = PBXSourcesBuildPhase;
			buildActionMask = 2147483647;
			files = (
				237F747E1AEFBE96007266C5 /* ViewController.m in Sources */,
				237F747B1AEFBE96007266C5 /* AppDelegate.m in Sources */,
				237F74781AEFBE96007266C5 /* main.m in Sources */,
			);
			runOnlyForDeploymentPostprocessing = 0;
		};
		237F74871AEFBE96007266C5 /* Sources */ = {
			isa = PBXSourcesBuildPhase;
			buildActionMask = 2147483647;
			files = (
				237F74921AEFBE96007266C5 /* ScrollViewsTests.m in Sources */,
			);
			runOnlyForDeploymentPostprocessing = 0;
		};
/* End PBXSourcesBuildPhase section */

/* Begin PBXTargetDependency section */
		237F748D1AEFBE96007266C5 /* PBXTargetDependency */ = {
			isa = PBXTargetDependency;
			target = 237F74711AEFBE96007266C5 /* ScrollViews */;
			targetProxy = 237F748C1AEFBE96007266C5 /* PBXContainerItemProxy */;
		};
/* End PBXTargetDependency section */

/* Begin PBXVariantGroup section */
		237F747F1AEFBE96007266C5 /* Main.storyboard */ = {
			isa = PBXVariantGroup;
			children = (
				237F74801AEFBE96007266C5 /* Base */,
			);
			name = Main.storyboard;
			sourceTree = "<group>";
		};
		237F74841AEFBE96007266C5 /* LaunchScreen.xib */ = {
			isa = PBXVariantGroup;
			children = (
				237F74851AEFBE96007266C5 /* Base */,
			);
			name = LaunchScreen.xib;
			sourceTree = "<group>";
		};
/* End PBXVariantGroup section */

/* Begin XCBuildConfiguration section */
		237F74931AEFBE96007266C5 /* Debug */ = {
			isa = XCBuildConfiguration;
			buildSettings = {
				ALWAYS_SEARCH_USER_PATHS = NO;
				CLANG_CXX_LANGUAGE_STANDARD = "gnu++0x";
				CLANG_CXX_LIBRARY = "libc++";
				CLANG_ENABLE_MODULES = YES;
				CLANG_ENABLE_OBJC_ARC = YES;
				CLANG_WARN_BOOL_CONVERSION = YES;
				CLANG_WARN_CONSTANT_CONVERSION = YES;
				CLANG_WARN_DIRECT_OBJC_ISA_USAGE = YES_ERROR;
				CLANG_WARN_EMPTY_BODY = YES;
				CLANG_WARN_ENUM_CONVERSION = YES;
				CLANG_WARN_INT_CONVERSION = YES;
				CLANG_WARN_OBJC_ROOT_CLASS = YES_ERROR;
				CLANG_WARN_UNREACHABLE_CODE = YES;
				CLANG_WARN__DUPLICATE_METHOD_MATCH = YES;
				"CODE_SIGN_IDENTITY[sdk=iphoneos*]" = "iPhone Developer";
				COPY_PHASE_STRIP = NO;
				DEBUG_INFORMATION_FORMAT = "dwarf-with-dsym";
				ENABLE_STRICT_OBJC_MSGSEND = YES;
				GCC_C_LANGUAGE_STANDARD = gnu99;
				GCC_DYNAMIC_NO_PIC = NO;
				GCC_NO_COMMON_BLOCKS = YES;
				GCC_OPTIMIZATION_LEVEL = 0;
				GCC_PREPROCESSOR_DEFINITIONS = (
					"DEBUG=1",
					"$(inherited)",
				);
				GCC_SYMBOLS_PRIVATE_EXTERN = NO;
				GCC_WARN_64_TO_32_BIT_CONVERSION = YES;
				GCC_WARN_ABOUT_RETURN_TYPE = YES_ERROR;
				GCC_WARN_UNDECLARED_SELECTOR = YES;
				GCC_WARN_UNINITIALIZED_AUTOS = YES_AGGRESSIVE;
				GCC_WARN_UNUSED_FUNCTION = YES;
				GCC_WARN_UNUSED_VARIABLE = YES;
				IPHONEOS_DEPLOYMENT_TARGET = 8.3;
				MTL_ENABLE_DEBUG_INFO = YES;
				ONLY_ACTIVE_ARCH = YES;
				SDKROOT = iphoneos;
				TARGETED_DEVICE_FAMILY = "1,2";
			};
			name = Debug;
		};
		237F74941AEFBE96007266C5 /* Release */ = {
			isa = XCBuildConfiguration;
			buildSettings = {
				ALWAYS_SEARCH_USER_PATHS = NO;
				CLANG_CXX_LANGUAGE_STANDARD = "gnu++0x";
				CLANG_CXX_LIBRARY = "libc++";
				CLANG_ENABLE_MODULES = YES;
				CLANG_ENABLE_OBJC_ARC = YES;
				CLANG_WARN_BOOL_CONVERSION = YES;
				CLANG_WARN_CONSTANT_CONVERSION = YES;
				CLANG_WARN_DIRECT_OBJC_ISA_USAGE = YES_ERROR;
				CLANG_WARN_EMPTY_BODY = YES;
				CLANG_WARN_ENUM_CONVERSION = YES;
				CLANG_WARN_INT_CONVERSION = YES;
				CLANG_WARN_OBJC_ROOT_CLASS = YES_ERROR;
				CLANG_WARN_UNREACHABLE_CODE = YES;
				CLANG_WARN__DUPLICATE_METHOD_MATCH = YES;
				"CODE_SIGN_IDENTITY[sdk=iphoneos*]" = "iPhone Developer";
				COPY_PHASE_STRIP = NO;
				DEBUG_INFORMATION_FORMAT = "dwarf-with-dsym";
				ENABLE_NS_ASSERTIONS = NO;
				ENABLE_STRICT_OBJC_MSGSEND = YES;
				GCC_C_LANGUAGE_STANDARD = gnu99;
				GCC_NO_COMMON_BLOCKS = YES;
				GCC_WARN_64_TO_32_BIT_CONVERSION = YES;
				GCC_WARN_ABOUT_RETURN_TYPE = YES_ERROR;
				GCC_WARN_UNDECLARED_SELECTOR = YES;
				GCC_WARN_UNINITIALIZED_AUTOS = YES_AGGRESSIVE;
				GCC_WARN_UNUSED_FUNCTION = YES;
				GCC_WARN_UNUSED_VARIABLE = YES;
				IPHONEOS_DEPLOYMENT_TARGET = 8.3;
				MTL_ENABLE_DEBUG_INFO = NO;
				SDKROOT = iphoneos;
				TARGETED_DEVICE_FAMILY = "1,2";
				VALIDATE_PRODUCT = YES;
			};
			name = Release;
		};
		237F74961AEFBE96007266C5 /* Debug */ = {
			isa = XCBuildConfiguration;
			buildSettings = {
				ASSETCATALOG_COMPILER_APPICON_NAME = AppIcon;
				INFOPLIST_FILE = ScrollViews/Info.plist;
				LD_RUNPATH_SEARCH_PATHS = "$(inherited) @executable_path/Frameworks";
				PRODUCT_NAME = "$(TARGET_NAME)";
			};
			name = Debug;
		};
		237F74971AEFBE96007266C5 /* Release */ = {
			isa = XCBuildConfiguration;
			buildSettings = {
				ASSETCATALOG_COMPILER_APPICON_NAME = AppIcon;
				INFOPLIST_FILE = ScrollViews/Info.plist;
				LD_RUNPATH_SEARCH_PATHS = "$(inherited) @executable_path/Frameworks";
				PRODUCT_NAME = "$(TARGET_NAME)";
			};
			name = Release;
		};
		237F74991AEFBE96007266C5 /* Debug */ = {
			isa = XCBuildConfiguration;
			buildSettings = {
				BUNDLE_LOADER = "$(TEST_HOST)";
				FRAMEWORK_SEARCH_PATHS = (
					"$(SDKROOT)/Developer/Library/Frameworks",
					"$(inherited)",
				);
				GCC_PREPROCESSOR_DEFINITIONS = (
					"DEBUG=1",
					"$(inherited)",
				);
				INFOPLIST_FILE = ScrollViewsTests/Info.plist;
				LD_RUNPATH_SEARCH_PATHS = "$(inherited) @executable_path/Frameworks @loader_path/Frameworks";
				PRODUCT_NAME = "$(TARGET_NAME)";
				TEST_HOST = "$(BUILT_PRODUCTS_DIR)/ScrollViews.app/ScrollViews";
			};
			name = Debug;
		};
		237F749A1AEFBE96007266C5 /* Release */ = {
			isa = XCBuildConfiguration;
			buildSettings = {
				BUNDLE_LOADER = "$(TEST_HOST)";
				FRAMEWORK_SEARCH_PATHS = (
					"$(SDKROOT)/Developer/Library/Frameworks",
					"$(inherited)",
				);
				INFOPLIST_FILE = ScrollViewsTests/Info.plist;
				LD_RUNPATH_SEARCH_PATHS = "$(inherited) @executable_path/Frameworks @loader_path/Frameworks";
				PRODUCT_NAME = "$(TARGET_NAME)";
				TEST_HOST = "$(BUILT_PRODUCTS_DIR)/ScrollViews.app/ScrollViews";
			};
			name = Release;
		};
/* End XCBuildConfiguration section */

/* Begin XCConfigurationList section */
		237F746D1AEFBE96007266C5 /* Build configuration list for PBXProject "ScrollViews" */ = {
			isa = XCConfigurationList;
			buildConfigurations = (
				237F74931AEFBE96007266C5 /* Debug */,
				237F74941AEFBE96007266C5 /* Release */,
			);
			defaultConfigurationIsVisible = 0;
			defaultConfigurationName = Release;
		};
		237F74951AEFBE96007266C5 /* Build configuration list for PBXNativeTarget "ScrollViews" */ = {
			isa = XCConfigurationList;
			buildConfigurations = (
				237F74961AEFBE96007266C5 /* Debug */,
				237F74971AEFBE96007266C5 /* Release */,
			);
			defaultConfigurationIsVisible = 0;
		};
		237F74981AEFBE96007266C5 /* Build configuration list for PBXNativeTarget "ScrollViewsTests" */ = {
			isa = XCConfigurationList;
			buildConfigurations = (
				237F74991AEFBE96007266C5 /* Debug */,
				237F749A1AEFBE96007266C5 /* Release */,
			);
			defaultConfigurationIsVisible = 0;
		};
/* End XCConfigurationList section */
	};
	rootObject = 237F746A1AEFBE96007266C5 /* Project object */;
}
