// !$*UTF8*$!
{
	archiveVersion = 1;
	classes = {
	};
	objectVersion = 46;
	objects = {

/* Begin PBXBuildFile section */
		234E43101B91B06B00B154D0 /* AppDelegate.swift in Sources */ = {isa = PBXBuildFile; fileRef = 234E430F1B91B06B00B154D0 /* AppDelegate.swift */; };
		234E43151B91B06B00B154D0 /* Main.storyboard in Resources */ = {isa = PBXBuildFile; fileRef = 234E43131B91B06B00B154D0 /* Main.storyboard */; };
		234E43171B91B06B00B154D0 /* Images.xcassets in Resources */ = {isa = PBXBuildFile; fileRef = 234E43161B91B06B00B154D0 /* Images.xcassets */; };
		234E431A1B91B06B00B154D0 /* LaunchScreen.xib in Resources */ = {isa = PBXBuildFile; fileRef = 234E43181B91B06B00B154D0 /* LaunchScreen.xib */; };
		234E43261B91B06B00B154D0 /* UseDelegateBy5StepsSTests.swift in Sources */ = {isa = PBXBuildFile; fileRef = 234E43251B91B06B00B154D0 /* UseDelegateBy5StepsSTests.swift */; };
		234E43301B91B0B700B154D0 /* SceneAViewController.swift in Sources */ = {isa = PBXBuildFile; fileRef = 234E432F1B91B0B700B154D0 /* SceneAViewController.swift */; };
		234E43321B91B0C800B154D0 /* SceneBViewController.swift in Sources */ = {isa = PBXBuildFile; fileRef = 234E43311B91B0C800B154D0 /* SceneBViewController.swift */; };
/* End PBXBuildFile section */

/* Begin PBXContainerItemProxy section */
		234E43201B91B06B00B154D0 /* PBXContainerItemProxy */ = {
			isa = PBXContainerItemProxy;
			containerPortal = 234E43021B91B06B00B154D0 /* Project object */;
			proxyType = 1;
			remoteGlobalIDString = 234E43091B91B06B00B154D0;
			remoteInfo = UseDelegateBy5StepsS;
		};
/* End PBXContainerItemProxy section */

/* Begin PBXFileReference section */
		234E430A1B91B06B00B154D0 /* UseDelegateBy5StepsS.app */ = {isa = PBXFileReference; explicitFileType = wrapper.application; includeInIndex = 0; path = UseDelegateBy5StepsS.app; sourceTree = BUILT_PRODUCTS_DIR; };
		234E430E1B91B06B00B154D0 /* Info.plist */ = {isa = PBXFileReference; lastKnownFileType = text.plist.xml; path = Info.plist; sourceTree = "<group>"; };
		234E430F1B91B06B00B154D0 /* AppDelegate.swift */ = {isa = PBXFileReference; lastKnownFileType = sourcecode.swift; path = AppDelegate.swift; sourceTree = "<group>"; };
		234E43141B91B06B00B154D0 /* Base */ = {isa = PBXFileReference; lastKnownFileType = file.storyboard; name = Base; path = Base.lproj/Main.storyboard; sourceTree = "<group>"; };
		234E43161B91B06B00B154D0 /* Images.xcassets */ = {isa = PBXFileReference; lastKnownFileType = folder.assetcatalog; path = Images.xcassets; sourceTree = "<group>"; };
		234E43191B91B06B00B154D0 /* Base */ = {isa = PBXFileReference; lastKnownFileType = file.xib; name = Base; path = Base.lproj/LaunchScreen.xib; sourceTree = "<group>"; };
		234E431F1B91B06B00B154D0 /* UseDelegateBy5StepsSTests.xctest */ = {isa = PBXFileReference; explicitFileType = wrapper.cfbundle; includeInIndex = 0; path = UseDelegateBy5StepsSTests.xctest; sourceTree = BUILT_PRODUCTS_DIR; };
		234E43241B91B06B00B154D0 /* Info.plist */ = {isa = PBXFileReference; lastKnownFileType = text.plist.xml; path = Info.plist; sourceTree = "<group>"; };
		234E43251B91B06B00B154D0 /* UseDelegateBy5StepsSTests.swift */ = {isa = PBXFileReference; lastKnownFileType = sourcecode.swift; path = UseDelegateBy5StepsSTests.swift; sourceTree = "<group>"; };
		234E432F1B91B0B700B154D0 /* SceneAViewController.swift */ = {isa = PBXFileReference; fileEncoding = 4; lastKnownFileType = sourcecode.swift; path = SceneAViewController.swift; sourceTree = "<group>"; };
		234E43311B91B0C800B154D0 /* SceneBViewController.swift */ = {isa = PBXFileReference; fileEncoding = 4; lastKnownFileType = sourcecode.swift; path = SceneBViewController.swift; sourceTree = "<group>"; };
/* End PBXFileReference section */

/* Begin PBXFrameworksBuildPhase section */
		234E43071B91B06B00B154D0 /* Frameworks */ = {
			isa = PBXFrameworksBuildPhase;
			buildActionMask = 2147483647;
			files = (
			);
			runOnlyForDeploymentPostprocessing = 0;
		};
		234E431C1B91B06B00B154D0 /* Frameworks */ = {
			isa = PBXFrameworksBuildPhase;
			buildActionMask = 2147483647;
			files = (
			);
			runOnlyForDeploymentPostprocessing = 0;
		};
/* End PBXFrameworksBuildPhase section */

/* Begin PBXGroup section */
		234E43011B91B06B00B154D0 = {
			isa = PBXGroup;
			children = (
				234E430C1B91B06B00B154D0 /* UseDelegateBy5StepsS */,
				234E43221B91B06B00B154D0 /* UseDelegateBy5StepsSTests */,
				234E430B1B91B06B00B154D0 /* Products */,
			);
			sourceTree = "<group>";
		};
		234E430B1B91B06B00B154D0 /* Products */ = {
			isa = PBXGroup;
			children = (
				234E430A1B91B06B00B154D0 /* UseDelegateBy5StepsS.app */,
				234E431F1B91B06B00B154D0 /* UseDelegateBy5StepsSTests.xctest */,
			);
			name = Products;
			sourceTree = "<group>";
		};
		234E430C1B91B06B00B154D0 /* UseDelegateBy5StepsS */ = {
			isa = PBXGroup;
			children = (
				234E430F1B91B06B00B154D0 /* AppDelegate.swift */,
				234E43131B91B06B00B154D0 /* Main.storyboard */,
				234E43161B91B06B00B154D0 /* Images.xcassets */,
				234E43181B91B06B00B154D0 /* LaunchScreen.xib */,
				234E430D1B91B06B00B154D0 /* Supporting Files */,
				234E432F1B91B0B700B154D0 /* SceneAViewController.swift */,
				234E43311B91B0C800B154D0 /* SceneBViewController.swift */,
			);
			path = UseDelegateBy5StepsS;
			sourceTree = "<group>";
		};
		234E430D1B91B06B00B154D0 /* Supporting Files */ = {
			isa = PBXGroup;
			children = (
				234E430E1B91B06B00B154D0 /* Info.plist */,
			);
			name = "Supporting Files";
			sourceTree = "<group>";
		};
		234E43221B91B06B00B154D0 /* UseDelegateBy5StepsSTests */ = {
			isa = PBXGroup;
			children = (
				234E43251B91B06B00B154D0 /* UseDelegateBy5StepsSTests.swift */,
				234E43231B91B06B00B154D0 /* Supporting Files */,
			);
			path = UseDelegateBy5StepsSTests;
			sourceTree = "<group>";
		};
		234E43231B91B06B00B154D0 /* Supporting Files */ = {
			isa = PBXGroup;
			children = (
				234E43241B91B06B00B154D0 /* Info.plist */,
			);
			name = "Supporting Files";
			sourceTree = "<group>";
		};
/* End PBXGroup section */

/* Begin PBXNativeTarget section */
		234E43091B91B06B00B154D0 /* UseDelegateBy5StepsS */ = {
			isa = PBXNativeTarget;
			buildConfigurationList = 234E43291B91B06B00B154D0 /* Build configuration list for PBXNativeTarget "UseDelegateBy5StepsS" */;
			buildPhases = (
				234E43061B91B06B00B154D0 /* Sources */,
				234E43071B91B06B00B154D0 /* Frameworks */,
				234E43081B91B06B00B154D0 /* Resources */,
			);
			buildRules = (
			);
			dependencies = (
			);
			name = UseDelegateBy5StepsS;
			productName = UseDelegateBy5StepsS;
			productReference = 234E430A1B91B06B00B154D0 /* UseDelegateBy5StepsS.app */;
			productType = "com.apple.product-type.application";
		};
		234E431E1B91B06B00B154D0 /* UseDelegateBy5StepsSTests */ = {
			isa = PBXNativeTarget;
			buildConfigurationList = 234E432C1B91B06B00B154D0 /* Build configuration list for PBXNativeTarget "UseDelegateBy5StepsSTests" */;
			buildPhases = (
				234E431B1B91B06B00B154D0 /* Sources */,
				234E431C1B91B06B00B154D0 /* Frameworks */,
				234E431D1B91B06B00B154D0 /* Resources */,
			);
			buildRules = (
			);
			dependencies = (
				234E43211B91B06B00B154D0 /* PBXTargetDependency */,
			);
			name = UseDelegateBy5StepsSTests;
			productName = UseDelegateBy5StepsSTests;
			productReference = 234E431F1B91B06B00B154D0 /* UseDelegateBy5StepsSTests.xctest */;
			productType = "com.apple.product-type.bundle.unit-test";
		};
/* End PBXNativeTarget section */

/* Begin PBXProject section */
		234E43021B91B06B00B154D0 /* Project object */ = {
			isa = PBXProject;
			attributes = {
				LastUpgradeCheck = 0640;
				ORGANIZATIONNAME = cc;
				TargetAttributes = {
					234E43091B91B06B00B154D0 = {
						CreatedOnToolsVersion = 6.4;
					};
					234E431E1B91B06B00B154D0 = {
						CreatedOnToolsVersion = 6.4;
						TestTargetID = 234E43091B91B06B00B154D0;
					};
				};
			};
			buildConfigurationList = 234E43051B91B06B00B154D0 /* Build configuration list for PBXProject "UseDelegateBy5StepsS" */;
			compatibilityVersion = "Xcode 3.2";
			developmentRegion = English;
			hasScannedForEncodings = 0;
			knownRegions = (
				en,
				Base,
			);
			mainGroup = 234E43011B91B06B00B154D0;
			productRefGroup = 234E430B1B91B06B00B154D0 /* Products */;
			projectDirPath = "";
			projectRoot = "";
			targets = (
				234E43091B91B06B00B154D0 /* UseDelegateBy5StepsS */,
				234E431E1B91B06B00B154D0 /* UseDelegateBy5StepsSTests */,
			);
		};
/* End PBXProject section */

/* Begin PBXResourcesBuildPhase section */
		234E43081B91B06B00B154D0 /* Resources */ = {
			isa = PBXResourcesBuildPhase;
			buildActionMask = 2147483647;
			files = (
				234E43151B91B06B00B154D0 /* Main.storyboard in Resources */,
				234E431A1B91B06B00B154D0 /* LaunchScreen.xib in Resources */,
				234E43171B91B06B00B154D0 /* Images.xcassets in Resources */,
			);
			runOnlyForDeploymentPostprocessing = 0;
		};
		234E431D1B91B06B00B154D0 /* Resources */ = {
			isa = PBXResourcesBuildPhase;
			buildActionMask = 2147483647;
			files = (
			);
			runOnlyForDeploymentPostprocessing = 0;
		};
/* End PBXResourcesBuildPhase section */

/* Begin PBXSourcesBuildPhase section */
		234E43061B91B06B00B154D0 /* Sources */ = {
			isa = PBXSourcesBuildPhase;
			buildActionMask = 2147483647;
			files = (
				234E43101B91B06B00B154D0 /* AppDelegate.swift in Sources */,
				234E43321B91B0C800B154D0 /* SceneBViewController.swift in Sources */,
				234E43301B91B0B700B154D0 /* SceneAViewController.swift in Sources */,
			);
			runOnlyForDeploymentPostprocessing = 0;
		};
		234E431B1B91B06B00B154D0 /* Sources */ = {
			isa = PBXSourcesBuildPhase;
			buildActionMask = 2147483647;
			files = (
				234E43261B91B06B00B154D0 /* UseDelegateBy5StepsSTests.swift in Sources */,
			);
			runOnlyForDeploymentPostprocessing = 0;
		};
/* End PBXSourcesBuildPhase section */

/* Begin PBXTargetDependency section */
		234E43211B91B06B00B154D0 /* PBXTargetDependency */ = {
			isa = PBXTargetDependency;
			target = 234E43091B91B06B00B154D0 /* UseDelegateBy5StepsS */;
			targetProxy = 234E43201B91B06B00B154D0 /* PBXContainerItemProxy */;
		};
/* End PBXTargetDependency section */

/* Begin PBXVariantGroup section */
		234E43131B91B06B00B154D0 /* Main.storyboard */ = {
			isa = PBXVariantGroup;
			children = (
				234E43141B91B06B00B154D0 /* Base */,
			);
			name = Main.storyboard;
			sourceTree = "<group>";
		};
		234E43181B91B06B00B154D0 /* LaunchScreen.xib */ = {
			isa = PBXVariantGroup;
			children = (
				234E43191B91B06B00B154D0 /* Base */,
			);
			name = LaunchScreen.xib;
			sourceTree = "<group>";
		};
/* End PBXVariantGroup section */

/* Begin XCBuildConfiguration section */
		234E43271B91B06B00B154D0 /* Debug */ = {
			isa = XCBuildConfiguration;
			buildSettings = {
				ALWAYS_SEARCH_USER_PATHS = NO;
				CLANG_CXX_LANGUAGE_STANDARD = "gnu++0x";
				CLANG_CXX_LIBRARY = "libc++";
				CLANG_ENABLE_MODULES = YES;
				CLANG_ENABLE_OBJC_ARC = YES;
				CLANG_WARN_BOOL_CONVERSION = YES;
				CLANG_WARN_CONSTANT_CONVERSION = YES;
				CLANG_WARN_DIRECT_OBJC_ISA_USAGE = YES_ERROR;
				CLANG_WARN_EMPTY_BODY = YES;
				CLANG_WARN_ENUM_CONVERSION = YES;
				CLANG_WARN_INT_CONVERSION = YES;
				CLANG_WARN_OBJC_ROOT_CLASS = YES_ERROR;
				CLANG_WARN_UNREACHABLE_CODE = YES;
				CLANG_WARN__DUPLICATE_METHOD_MATCH = YES;
				"CODE_SIGN_IDENTITY[sdk=iphoneos*]" = "iPhone Developer";
				COPY_PHASE_STRIP = NO;
				DEBUG_INFORMATION_FORMAT = "dwarf-with-dsym";
				ENABLE_STRICT_OBJC_MSGSEND = YES;
				GCC_C_LANGUAGE_STANDARD = gnu99;
				GCC_DYNAMIC_NO_PIC = NO;
				GCC_NO_COMMON_BLOCKS = YES;
				GCC_OPTIMIZATION_LEVEL = 0;
				GCC_PREPROCESSOR_DEFINITIONS = (
					"DEBUG=1",
					"$(inherited)",
				);
				GCC_SYMBOLS_PRIVATE_EXTERN = NO;
				GCC_WARN_64_TO_32_BIT_CONVERSION = YES;
				GCC_WARN_ABOUT_RETURN_TYPE = YES_ERROR;
				GCC_WARN_UNDECLARED_SELECTOR = YES;
				GCC_WARN_UNINITIALIZED_AUTOS = YES_AGGRESSIVE;
				GCC_WARN_UNUSED_FUNCTION = YES;
				GCC_WARN_UNUSED_VARIABLE = YES;
				IPHONEOS_DEPLOYMENT_TARGET = 8.4;
				MTL_ENABLE_DEBUG_INFO = YES;
				ONLY_ACTIVE_ARCH = YES;
				SDKROOT = iphoneos;
				SWIFT_OPTIMIZATION_LEVEL = "-Onone";
				TARGETED_DEVICE_FAMILY = "1,2";
			};
			name = Debug;
		};
		234E43281B91B06B00B154D0 /* Release */ = {
			isa = XCBuildConfiguration;
			buildSettings = {
				ALWAYS_SEARCH_USER_PATHS = NO;
				CLANG_CXX_LANGUAGE_STANDARD = "gnu++0x";
				CLANG_CXX_LIBRARY = "libc++";
				CLANG_ENABLE_MODULES = YES;
				CLANG_ENABLE_OBJC_ARC = YES;
				CLANG_WARN_BOOL_CONVERSION = YES;
				CLANG_WARN_CONSTANT_CONVERSION = YES;
				CLANG_WARN_DIRECT_OBJC_ISA_USAGE = YES_ERROR;
				CLANG_WARN_EMPTY_BODY = YES;
				CLANG_WARN_ENUM_CONVERSION = YES;
				CLANG_WARN_INT_CONVERSION = YES;
				CLANG_WARN_OBJC_ROOT_CLASS = YES_ERROR;
				CLANG_WARN_UNREACHABLE_CODE = YES;
				CLANG_WARN__DUPLICATE_METHOD_MATCH = YES;
				"CODE_SIGN_IDENTITY[sdk=iphoneos*]" = "iPhone Developer";
				COPY_PHASE_STRIP = NO;
				DEBUG_INFORMATION_FORMAT = "dwarf-with-dsym";
				ENABLE_NS_ASSERTIONS = NO;
				ENABLE_STRICT_OBJC_MSGSEND = YES;
				GCC_C_LANGUAGE_STANDARD = gnu99;
				GCC_NO_COMMON_BLOCKS = YES;
				GCC_WARN_64_TO_32_BIT_CONVERSION = YES;
				GCC_WARN_ABOUT_RETURN_TYPE = YES_ERROR;
				GCC_WARN_UNDECLARED_SELECTOR = YES;
				GCC_WARN_UNINITIALIZED_AUTOS = YES_AGGRESSIVE;
				GCC_WARN_UNUSED_FUNCTION = YES;
				GCC_WARN_UNUSED_VARIABLE = YES;
				IPHONEOS_DEPLOYMENT_TARGET = 8.4;
				MTL_ENABLE_DEBUG_INFO = NO;
				SDKROOT = iphoneos;
				TARGETED_DEVICE_FAMILY = "1,2";
				VALIDATE_PRODUCT = YES;
			};
			name = Release;
		};
		234E432A1B91B06B00B154D0 /* Debug */ = {
			isa = XCBuildConfiguration;
			buildSettings = {
				ASSETCATALOG_COMPILER_APPICON_NAME = AppIcon;
				INFOPLIST_FILE = UseDelegateBy5StepsS/Info.plist;
				LD_RUNPATH_SEARCH_PATHS = "$(inherited) @executable_path/Frameworks";
				PRODUCT_NAME = "$(TARGET_NAME)";
			};
			name = Debug;
		};
		234E432B1B91B06B00B154D0 /* Release */ = {
			isa = XCBuildConfiguration;
			buildSettings = {
				ASSETCATALOG_COMPILER_APPICON_NAME = AppIcon;
				INFOPLIST_FILE = UseDelegateBy5StepsS/Info.plist;
				LD_RUNPATH_SEARCH_PATHS = "$(inherited) @executable_path/Frameworks";
				PRODUCT_NAME = "$(TARGET_NAME)";
			};
			name = Release;
		};
		234E432D1B91B06B00B154D0 /* Debug */ = {
			isa = XCBuildConfiguration;
			buildSettings = {
				BUNDLE_LOADER = "$(TEST_HOST)";
				FRAMEWORK_SEARCH_PATHS = (
					"$(SDKROOT)/Developer/Library/Frameworks",
					"$(inherited)",
				);
				GCC_PREPROCESSOR_DEFINITIONS = (
					"DEBUG=1",
					"$(inherited)",
				);
				INFOPLIST_FILE = UseDelegateBy5StepsSTests/Info.plist;
				LD_RUNPATH_SEARCH_PATHS = "$(inherited) @executable_path/Frameworks @loader_path/Frameworks";
				PRODUCT_NAME = "$(TARGET_NAME)";
				TEST_HOST = "$(BUILT_PRODUCTS_DIR)/UseDelegateBy5StepsS.app/UseDelegateBy5StepsS";
			};
			name = Debug;
		};
		234E432E1B91B06B00B154D0 /* Release */ = {
			isa = XCBuildConfiguration;
			buildSettings = {
				BUNDLE_LOADER = "$(TEST_HOST)";
				FRAMEWORK_SEARCH_PATHS = (
					"$(SDKROOT)/Developer/Library/Frameworks",
					"$(inherited)",
				);
				INFOPLIST_FILE = UseDelegateBy5StepsSTests/Info.plist;
				LD_RUNPATH_SEARCH_PATHS = "$(inherited) @executable_path/Frameworks @loader_path/Frameworks";
				PRODUCT_NAME = "$(TARGET_NAME)";
				TEST_HOST = "$(BUILT_PRODUCTS_DIR)/UseDelegateBy5StepsS.app/UseDelegateBy5StepsS";
			};
			name = Release;
		};
/* End XCBuildConfiguration section */

/* Begin XCConfigurationList section */
		234E43051B91B06B00B154D0 /* Build configuration list for PBXProject "UseDelegateBy5StepsS" */ = {
			isa = XCConfigurationList;
			buildConfigurations = (
				234E43271B91B06B00B154D0 /* Debug */,
				234E43281B91B06B00B154D0 /* Release */,
			);
			defaultConfigurationIsVisible = 0;
			defaultConfigurationName = Release;
		};
		234E43291B91B06B00B154D0 /* Build configuration list for PBXNativeTarget "UseDelegateBy5StepsS" */ = {
			isa = XCConfigurationList;
			buildConfigurations = (
				234E432A1B91B06B00B154D0 /* Debug */,
				234E432B1B91B06B00B154D0 /* Release */,
			);
			defaultConfigurationIsVisible = 0;
		};
		234E432C1B91B06B00B154D0 /* Build configuration list for PBXNativeTarget "UseDelegateBy5StepsSTests" */ = {
			isa = XCConfigurationList;
			buildConfigurations = (
				234E432D1B91B06B00B154D0 /* Debug */,
				234E432E1B91B06B00B154D0 /* Release */,
			);
			defaultConfigurationIsVisible = 0;
		};
/* End XCConfigurationList section */
	};
	rootObject = 234E43021B91B06B00B154D0 /* Project object */;
}
